// !$*UTF8*$!
{
	archiveVersion = 1;
	classes = {
	};
	objectVersion = 46;
	objects = {

/* Begin PBXBuildFile section */
		CC0297511A31B7E5008259BC /* iTunesSongs.swift in Sources */ = {isa = PBXBuildFile; fileRef = CC0297501A31B7E5008259BC /* iTunesSongs.swift */; };
		CC08F7251A3AC7A5005C0662 /* CoverDefaultMini.png in Resources */ = {isa = PBXBuildFile; fileRef = CC08F7231A3AC7A5005C0662 /* CoverDefaultMini.png */; };
		CC08F7261A3AC7A5005C0662 /* CoverDefaultMini@2x.png in Resources */ = {isa = PBXBuildFile; fileRef = CC08F7241A3AC7A5005C0662 /* CoverDefaultMini@2x.png */; };
		CC08F7281A3AD885005C0662 /* CommandDownload.swift in Sources */ = {isa = PBXBuildFile; fileRef = CC08F7271A3AD885005C0662 /* CommandDownload.swift */; };
		CC0F13EB1A31C24D009E7E49 /* Session.swift in Sources */ = {isa = PBXBuildFile; fileRef = CC0F13EA1A31C24D009E7E49 /* Session.swift */; };
		CC3660E51A1DD6010096758C /* libz.dylib in Frameworks */ = {isa = PBXBuildFile; fileRef = CC3660E41A1DD6010096758C /* libz.dylib */; };
		CC36620F1A1E847E0096758C /* NMSSH.framework in Frameworks */ = {isa = PBXBuildFile; fileRef = CC36620E1A1E847E0096758C /* NMSSH.framework */; };
		CC3662181A1ECDB40096758C /* Connection.swift in Sources */ = {isa = PBXBuildFile; fileRef = CC3662171A1ECDB40096758C /* Connection.swift */; };
		CC36621A1A1EEC0E0096758C /* ConnectionProperties.swift in Sources */ = {isa = PBXBuildFile; fileRef = CC3662191A1EEC0E0096758C /* ConnectionProperties.swift */; };
		CC36621C1A1F0B7F0096758C /* Command.swift in Sources */ = {isa = PBXBuildFile; fileRef = CC36621B1A1F0B7F0096758C /* Command.swift */; };
		CC43C8771A27F25E00C1D0B6 /* CoverDefault.png in Resources */ = {isa = PBXBuildFile; fileRef = CC43C8751A27F25E00C1D0B6 /* CoverDefault.png */; };
		CC43C8781A27F25E00C1D0B6 /* CoverDefault@2x.png in Resources */ = {isa = PBXBuildFile; fileRef = CC43C8761A27F25E00C1D0B6 /* CoverDefault@2x.png */; };
		CC43C87C1A27F34400C1D0B6 /* bg.jpg in Resources */ = {isa = PBXBuildFile; fileRef = CC43C8791A27F34400C1D0B6 /* bg.jpg */; };
		CC43C87D1A27F34400C1D0B6 /* bg@2x.jpg in Resources */ = {isa = PBXBuildFile; fileRef = CC43C87A1A27F34400C1D0B6 /* bg@2x.jpg */; };
		CC43C87E1A27F34400C1D0B6 /* bg@3x.jpg in Resources */ = {isa = PBXBuildFile; fileRef = CC43C87B1A27F34400C1D0B6 /* bg@3x.jpg */; };
		CC49F5F21A39A26C009E27FF /* WatchKit.framework in Frameworks */ = {isa = PBXBuildFile; fileRef = CC49F5F11A39A26C009E27FF /* WatchKit.framework */; };
		CC49F5F81A39A26C009E27FF /* InterfaceController.swift in Sources */ = {isa = PBXBuildFile; fileRef = CC49F5F71A39A26C009E27FF /* InterfaceController.swift */; };
		CC49F5FA1A39A26C009E27FF /* NotificationController.swift in Sources */ = {isa = PBXBuildFile; fileRef = CC49F5F91A39A26C009E27FF /* NotificationController.swift */; };
		CC49F5FC1A39A26C009E27FF /* GlanceController.swift in Sources */ = {isa = PBXBuildFile; fileRef = CC49F5FB1A39A26C009E27FF /* GlanceController.swift */; };
		CC49F5FE1A39A26C009E27FF /* Images.xcassets in Resources */ = {isa = PBXBuildFile; fileRef = CC49F5FD1A39A26C009E27FF /* Images.xcassets */; };
		CC49F6021A39A26C009E27FF /* ControlTotal Watch App.app in Resources */ = {isa = PBXBuildFile; fileRef = CC49F6011A39A26C009E27FF /* ControlTotal Watch App.app */; };
		CC49F6091A39A26C009E27FF /* Interface.storyboard in Resources */ = {isa = PBXBuildFile; fileRef = CC49F6081A39A26C009E27FF /* Interface.storyboard */; };
		CC49F60B1A39A26C009E27FF /* Images.xcassets in Resources */ = {isa = PBXBuildFile; fileRef = CC49F60A1A39A26C009E27FF /* Images.xcassets */; };
		CC49F60E1A39A26C009E27FF /* ControlTotal WatchKit Extension.appex in Embed App Extensions */ = {isa = PBXBuildFile; fileRef = CC49F5EF1A39A26C009E27FF /* ControlTotal WatchKit Extension.appex */; settings = {ATTRIBUTES = (RemoveHeadersOnCopy, ); }; };
		CC70385F1A1F1F5300E5F622 /* DefaultView.swift in Sources */ = {isa = PBXBuildFile; fileRef = CC70385E1A1F1F5300E5F622 /* DefaultView.swift */; };
		CC8B27771A36B34F000E9536 /* iTunesPlaylist.swift in Sources */ = {isa = PBXBuildFile; fileRef = CC8B27761A36B34F000E9536 /* iTunesPlaylist.swift */; };
		CC8B27A31A36DAC9000E9536 /* folder.png in Resources */ = {isa = PBXBuildFile; fileRef = CC8B277B1A36DAC9000E9536 /* folder.png */; };
		CC8B27A41A36DAC9000E9536 /* folder@2x.png in Resources */ = {isa = PBXBuildFile; fileRef = CC8B277C1A36DAC9000E9536 /* folder@2x.png */; };
		CC8B27A51A36DAC9000E9536 /* literature.png in Resources */ = {isa = PBXBuildFile; fileRef = CC8B277D1A36DAC9000E9536 /* literature.png */; };
		CC8B27A61A36DAC9000E9536 /* literature@2x.png in Resources */ = {isa = PBXBuildFile; fileRef = CC8B277E1A36DAC9000E9536 /* literature@2x.png */; };
		CC8B27A71A36DAC9000E9536 /* micro.png in Resources */ = {isa = PBXBuildFile; fileRef = CC8B277F1A36DAC9000E9536 /* micro.png */; };
		CC8B27A81A36DAC9000E9536 /* micro@2x.png in Resources */ = {isa = PBXBuildFile; fileRef = CC8B27801A36DAC9000E9536 /* micro@2x.png */; };
		CC8B27A91A36DAC9000E9536 /* movie.png in Resources */ = {isa = PBXBuildFile; fileRef = CC8B27811A36DAC9000E9536 /* movie.png */; };
		CC8B27AA1A36DAC9000E9536 /* movie@2x.png in Resources */ = {isa = PBXBuildFile; fileRef = CC8B27821A36DAC9000E9536 /* movie@2x.png */; };
		CC8B27AB1A36DAC9000E9536 /* museum.png in Resources */ = {isa = PBXBuildFile; fileRef = CC8B27831A36DAC9000E9536 /* museum.png */; };
		CC8B27AC1A36DAC9000E9536 /* museum@2x.png in Resources */ = {isa = PBXBuildFile; fileRef = CC8B27841A36DAC9000E9536 /* museum@2x.png */; };
		CC8B27AD1A36DAC9000E9536 /* music_transcript.png in Resources */ = {isa = PBXBuildFile; fileRef = CC8B27851A36DAC9000E9536 /* music_transcript.png */; };
		CC8B27AE1A36DAC9000E9536 /* music_transcript@2x.png in Resources */ = {isa = PBXBuildFile; fileRef = CC8B27861A36DAC9000E9536 /* music_transcript@2x.png */; };
		CC8B27AF1A36DAC9000E9536 /* music_video.png in Resources */ = {isa = PBXBuildFile; fileRef = CC8B27871A36DAC9000E9536 /* music_video.png */; };
		CC8B27B01A36DAC9000E9536 /* music_video@2x.png in Resources */ = {isa = PBXBuildFile; fileRef = CC8B27881A36DAC9000E9536 /* music_video@2x.png */; };
		CC8B27B11A36DAC9000E9536 /* photo.png in Resources */ = {isa = PBXBuildFile; fileRef = CC8B27891A36DAC9000E9536 /* photo.png */; };
		CC8B27B21A36DAC9000E9536 /* photo@2x.png in Resources */ = {isa = PBXBuildFile; fileRef = CC8B278A1A36DAC9000E9536 /* photo@2x.png */; };
		CC8B27B31A36DAC9000E9536 /* physics.png in Resources */ = {isa = PBXBuildFile; fileRef = CC8B278B1A36DAC9000E9536 /* physics.png */; };
		CC8B27B41A36DAC9000E9536 /* physics@2x.png in Resources */ = {isa = PBXBuildFile; fileRef = CC8B278C1A36DAC9000E9536 /* physics@2x.png */; };
		CC8B27B51A36DAC9000E9536 /* piano.png in Resources */ = {isa = PBXBuildFile; fileRef = CC8B278D1A36DAC9000E9536 /* piano.png */; };
		CC8B27B61A36DAC9000E9536 /* piano@2x.png in Resources */ = {isa = PBXBuildFile; fileRef = CC8B278E1A36DAC9000E9536 /* piano@2x.png */; };
		CC8B27B71A36DAC9000E9536 /* presentation_filled.png in Resources */ = {isa = PBXBuildFile; fileRef = CC8B278F1A36DAC9000E9536 /* presentation_filled.png */; };
		CC8B27B81A36DAC9000E9536 /* presentation_filled@2x.png in Resources */ = {isa = PBXBuildFile; fileRef = CC8B27901A36DAC9000E9536 /* presentation_filled@2x.png */; };
		CC8B27B91A36DAC9000E9536 /* rfid_signal.png in Resources */ = {isa = PBXBuildFile; fileRef = CC8B27911A36DAC9000E9536 /* rfid_signal.png */; };
		CC8B27BA1A36DAC9000E9536 /* rfid_signal@2x.png in Resources */ = {isa = PBXBuildFile; fileRef = CC8B27921A36DAC9000E9536 /* rfid_signal@2x.png */; };
		CC8B27BB1A36DAC9000E9536 /* shopping_bag.png in Resources */ = {isa = PBXBuildFile; fileRef = CC8B27931A36DAC9000E9536 /* shopping_bag.png */; };
		CC8B27BC1A36DAC9000E9536 /* shopping_bag@2x.png in Resources */ = {isa = PBXBuildFile; fileRef = CC8B27941A36DAC9000E9536 /* shopping_bag@2x.png */; };
		CC8B27BD1A36DAC9000E9536 /* stack_of_photos.png in Resources */ = {isa = PBXBuildFile; fileRef = CC8B27951A36DAC9000E9536 /* stack_of_photos.png */; };
		CC8B27BE1A36DAC9000E9536 /* stack_of_photos@2x.png in Resources */ = {isa = PBXBuildFile; fileRef = CC8B27961A36DAC9000E9536 /* stack_of_photos@2x.png */; };
		CC8B27BF1A36DAC9000E9536 /* train_ticket.png in Resources */ = {isa = PBXBuildFile; fileRef = CC8B27971A36DAC9000E9536 /* train_ticket.png */; };
		CC8B27C01A36DAC9000E9536 /* train_ticket@2x.png in Resources */ = {isa = PBXBuildFile; fileRef = CC8B27981A36DAC9000E9536 /* train_ticket@2x.png */; };
		CC8B27C11A36DAC9000E9536 /* trash.png in Resources */ = {isa = PBXBuildFile; fileRef = CC8B27991A36DAC9000E9536 /* trash.png */; };
		CC8B27C21A36DAC9000E9536 /* trash@2x.png in Resources */ = {isa = PBXBuildFile; fileRef = CC8B279A1A36DAC9000E9536 /* trash@2x.png */; };
		CC8B27C31A36DAC9000E9536 /* tv.png in Resources */ = {isa = PBXBuildFile; fileRef = CC8B279B1A36DAC9000E9536 /* tv.png */; };
		CC8B27C41A36DAC9000E9536 /* tv@2x.png in Resources */ = {isa = PBXBuildFile; fileRef = CC8B279C1A36DAC9000E9536 /* tv@2x.png */; };
		CC8B27C51A36DAC9000E9536 /* tv_show.png in Resources */ = {isa = PBXBuildFile; fileRef = CC8B279D1A36DAC9000E9536 /* tv_show.png */; };
		CC8B27C61A36DAC9000E9536 /* tv_show@2x.png in Resources */ = {isa = PBXBuildFile; fileRef = CC8B279E1A36DAC9000E9536 /* tv_show@2x.png */; };
		CC8B27C71A36DAC9000E9536 /* wifi.png in Resources */ = {isa = PBXBuildFile; fileRef = CC8B279F1A36DAC9000E9536 /* wifi.png */; };
		CC8B27C81A36DAC9000E9536 /* wifi@2x.png in Resources */ = {isa = PBXBuildFile; fileRef = CC8B27A01A36DAC9000E9536 /* wifi@2x.png */; };
		CC8B27CA1A36E048000E9536 /* Icons.swift in Sources */ = {isa = PBXBuildFile; fileRef = CC8B27C91A36E048000E9536 /* Icons.swift */; };
		CC8B27D11A36E57B000E9536 /* student.png in Resources */ = {isa = PBXBuildFile; fileRef = CC8B27CF1A36E57B000E9536 /* student.png */; };
		CC8B27D21A36E57B000E9536 /* student@2x.png in Resources */ = {isa = PBXBuildFile; fileRef = CC8B27D01A36E57B000E9536 /* student@2x.png */; };
		CC8B27D51A36E747000E9536 /* music_icon.png in Resources */ = {isa = PBXBuildFile; fileRef = CC8B27D31A36E747000E9536 /* music_icon.png */; };
		CC8B27D61A36E747000E9536 /* music_icon@2x.png in Resources */ = {isa = PBXBuildFile; fileRef = CC8B27D41A36E747000E9536 /* music_icon@2x.png */; };
		CC8B27D91A36E7EF000E9536 /* chrome_icon.png in Resources */ = {isa = PBXBuildFile; fileRef = CC8B27D71A36E7EF000E9536 /* chrome_icon.png */; };
		CC8B27DA1A36E7EF000E9536 /* chrome_icon@2x.png in Resources */ = {isa = PBXBuildFile; fileRef = CC8B27D81A36E7EF000E9536 /* chrome_icon@2x.png */; };
		CC8B27DD1A374578000E9536 /* MiniPlayer.swift in Sources */ = {isa = PBXBuildFile; fileRef = CC8B27DC1A374578000E9536 /* MiniPlayer.swift */; };
		CC8DFC691A1DAFD10045B355 /* Types.swift in Sources */ = {isa = PBXBuildFile; fileRef = CC8DFC681A1DAFD10045B355 /* Types.swift */; };
		CC9CF9021A14A89400E7EED6 /* AppDelegate.swift in Sources */ = {isa = PBXBuildFile; fileRef = CC9CF9011A14A89400E7EED6 /* AppDelegate.swift */; };
		CC9CF9051A14A89400E7EED6 /* ControlTotal.xcdatamodeld in Sources */ = {isa = PBXBuildFile; fileRef = CC9CF9031A14A89400E7EED6 /* ControlTotal.xcdatamodeld */; };
		CC9CF9071A14A89400E7EED6 /* SearchDevicesView.swift in Sources */ = {isa = PBXBuildFile; fileRef = CC9CF9061A14A89400E7EED6 /* SearchDevicesView.swift */; };
		CC9CF90A1A14A89400E7EED6 /* Main.storyboard in Resources */ = {isa = PBXBuildFile; fileRef = CC9CF9081A14A89400E7EED6 /* Main.storyboard */; };
		CC9CF90C1A14A89400E7EED6 /* Images.xcassets in Resources */ = {isa = PBXBuildFile; fileRef = CC9CF90B1A14A89400E7EED6 /* Images.xcassets */; };
		CC9CF90F1A14A89400E7EED6 /* LaunchScreen.xib in Resources */ = {isa = PBXBuildFile; fileRef = CC9CF90D1A14A89400E7EED6 /* LaunchScreen.xib */; };
		CC9CF91B1A14A89400E7EED6 /* ControlTotalTests.swift in Sources */ = {isa = PBXBuildFile; fileRef = CC9CF91A1A14A89400E7EED6 /* ControlTotalTests.swift */; };
		CCA047521A26B75B00EA1A9C /* Date.swift in Sources */ = {isa = PBXBuildFile; fileRef = CCA047511A26B75B00EA1A9C /* Date.swift */; };
		CCA5F0921A2E74A9005BD008 /* star_highlighted.png in Resources */ = {isa = PBXBuildFile; fileRef = CCA5F08D1A2E74A9005BD008 /* star_highlighted.png */; };
		CCA5F0931A2E74A9005BD008 /* star_highlighted@2x.png in Resources */ = {isa = PBXBuildFile; fileRef = CCA5F08E1A2E74A9005BD008 /* star_highlighted@2x.png */; };
		CCA5F0941A2E74A9005BD008 /* star.png in Resources */ = {isa = PBXBuildFile; fileRef = CCA5F08F1A2E74A9005BD008 /* star.png */; };
		CCA5F0961A2E74A9005BD008 /* star@2x.png in Resources */ = {isa = PBXBuildFile; fileRef = CCA5F0911A2E74A9005BD008 /* star@2x.png */; };
		CCA5F0A71A2E7675005BD008 /* AMSlideMenuContentSegue.m in Sources */ = {isa = PBXBuildFile; fileRef = CCA5F0991A2E7675005BD008 /* AMSlideMenuContentSegue.m */; };
		CCA5F0A81A2E7675005BD008 /* AMSlideMenuLeftMenuSegue.m in Sources */ = {isa = PBXBuildFile; fileRef = CCA5F09B1A2E7675005BD008 /* AMSlideMenuLeftMenuSegue.m */; };
		CCA5F0A91A2E7675005BD008 /* AMSlideMenuLeftTableViewController.m in Sources */ = {isa = PBXBuildFile; fileRef = CCA5F09D1A2E7675005BD008 /* AMSlideMenuLeftTableViewController.m */; };
		CCA5F0AA1A2E7675005BD008 /* AMSlideMenuMainViewController.m in Sources */ = {isa = PBXBuildFile; fileRef = CCA5F09F1A2E7675005BD008 /* AMSlideMenuMainViewController.m */; };
		CCA5F0AB1A2E7675005BD008 /* AMSlideMenuRightMenuSegue.m in Sources */ = {isa = PBXBuildFile; fileRef = CCA5F0A21A2E7675005BD008 /* AMSlideMenuRightMenuSegue.m */; };
		CCA5F0AC1A2E7675005BD008 /* AMSlideMenuRightTableViewController.m in Sources */ = {isa = PBXBuildFile; fileRef = CCA5F0A41A2E7675005BD008 /* AMSlideMenuRightTableViewController.m */; };
		CCA5F0AD1A2E7675005BD008 /* UIViewController+AMSlideMenu.m in Sources */ = {isa = PBXBuildFile; fileRef = CCA5F0A61A2E7675005BD008 /* UIViewController+AMSlideMenu.m */; };
		CCA5F0B61A2E856F005BD008 /* music.png in Resources */ = {isa = PBXBuildFile; fileRef = CCA5F0B51A2E856F005BD008 /* music.png */; };
		CCA5F0B81A2E8A4D005BD008 /* music@2x.png in Resources */ = {isa = PBXBuildFile; fileRef = CCA5F0B71A2E8A4D005BD008 /* music@2x.png */; };
		CCA5F0BB1A2E8DC1005BD008 /* album.png in Resources */ = {isa = PBXBuildFile; fileRef = CCA5F0B91A2E8DC1005BD008 /* album.png */; };
		CCA5F0BC1A2E8DC1005BD008 /* album@2x.png in Resources */ = {isa = PBXBuildFile; fileRef = CCA5F0BA1A2E8DC1005BD008 /* album@2x.png */; };
		CCA5F0BF1A2E8ECA005BD008 /* artist.png in Resources */ = {isa = PBXBuildFile; fileRef = CCA5F0BD1A2E8ECA005BD008 /* artist.png */; };
		CCA5F0C01A2E8ECA005BD008 /* artist@2x.png in Resources */ = {isa = PBXBuildFile; fileRef = CCA5F0BE1A2E8ECA005BD008 /* artist@2x.png */; };
		CCB5418F1A2ED77800DFD43A /* MainVC.swift in Sources */ = {isa = PBXBuildFile; fileRef = CCB5418E1A2ED77800DFD43A /* MainVC.swift */; };
		CCB541911A2EDC6A00DFD43A /* LeftMenuVC.swift in Sources */ = {isa = PBXBuildFile; fileRef = CCB541901A2EDC6A00DFD43A /* LeftMenuVC.swift */; };
		CCB541951A2EF46300DFD43A /* itunes.png in Resources */ = {isa = PBXBuildFile; fileRef = CCB541931A2EF46300DFD43A /* itunes.png */; };
		CCB541961A2EF46300DFD43A /* itunes@2x.png in Resources */ = {isa = PBXBuildFile; fileRef = CCB541941A2EF46300DFD43A /* itunes@2x.png */; };
		CCB541991A2EF66900DFD43A /* keynote.png in Resources */ = {isa = PBXBuildFile; fileRef = CCB541971A2EF66900DFD43A /* keynote.png */; };
		CCB5419A1A2EF66900DFD43A /* keynote@2x.png in Resources */ = {isa = PBXBuildFile; fileRef = CCB541981A2EF66900DFD43A /* keynote@2x.png */; };
		CCB5419D1A2EF7B300DFD43A /* finder.png in Resources */ = {isa = PBXBuildFile; fileRef = CCB5419B1A2EF7B300DFD43A /* finder.png */; };
		CCB5419E1A2EF7B300DFD43A /* finder@2x.png in Resources */ = {isa = PBXBuildFile; fileRef = CCB5419C1A2EF7B300DFD43A /* finder@2x.png */; };
		CCB541A11A2EF85800DFD43A /* chrome.png in Resources */ = {isa = PBXBuildFile; fileRef = CCB5419F1A2EF85800DFD43A /* chrome.png */; };
		CCB541A21A2EF85800DFD43A /* chrome@2x.png in Resources */ = {isa = PBXBuildFile; fileRef = CCB541A01A2EF85800DFD43A /* chrome@2x.png */; };
		CCD392BE1A254C0300A3864F /* CommandGenerator.swift in Sources */ = {isa = PBXBuildFile; fileRef = CCD392BD1A254C0300A3864F /* CommandGenerator.swift */; };
		CCD973411A1B1E1E001D6BD3 /* CFNetwork.framework in Frameworks */ = {isa = PBXBuildFile; fileRef = CCD973401A1B1E1E001D6BD3 /* CFNetwork.framework */; };
		CCD9A96B1A1C66CA0093EB08 /* LoginView.swift in Sources */ = {isa = PBXBuildFile; fileRef = CCD9A96A1A1C66CA0093EB08 /* LoginView.swift */; };
		CCD9A96F1A1C6F550093EB08 /* MasterView.swift in Sources */ = {isa = PBXBuildFile; fileRef = CCD9A96E1A1C6F550093EB08 /* MasterView.swift */; };
		CCE0C1091A24A184003C66A2 /* UIImage+ImageEffects.m in Sources */ = {isa = PBXBuildFile; fileRef = CCE0C1081A24A184003C66A2 /* UIImage+ImageEffects.m */; };
		CCE347241A1F35B900A7881A /* FontAwesome.ttf in Resources */ = {isa = PBXBuildFile; fileRef = CCE3471A1A1F35B900A7881A /* FontAwesome.ttf */; };
		CCE347251A1F35B900A7881A /* FAImageView.m in Sources */ = {isa = PBXBuildFile; fileRef = CCE3471D1A1F35B900A7881A /* FAImageView.m */; };
		CCE347261A1F35B900A7881A /* FontAwesome+iOS.podspec in Resources */ = {isa = PBXBuildFile; fileRef = CCE3471E1A1F35B900A7881A /* FontAwesome+iOS.podspec */; };
		CCE347271A1F35B900A7881A /* NSString+FontAwesome.m in Sources */ = {isa = PBXBuildFile; fileRef = CCE347201A1F35B900A7881A /* NSString+FontAwesome.m */; };
		CCE347291A1F35B900A7881A /* UIFont+FontAwesome.m in Sources */ = {isa = PBXBuildFile; fileRef = CCE347231A1F35B900A7881A /* UIFont+FontAwesome.m */; };
		CCE3472B1A1F396900A7881A /* CoreGraphics.framework in Frameworks */ = {isa = PBXBuildFile; fileRef = CCE3472A1A1F396900A7881A /* CoreGraphics.framework */; };
		CCE3472D1A1F397D00A7881A /* UIKit.framework in Frameworks */ = {isa = PBXBuildFile; fileRef = CCE3472C1A1F397D00A7881A /* UIKit.framework */; };
		CCF014C41A2C77C5005BBFFB /* StarRatingControl.m in Sources */ = {isa = PBXBuildFile; fileRef = CCF014C31A2C77C5005BBFFB /* StarRatingControl.m */; };
/* End PBXBuildFile section */

/* Begin PBXContainerItemProxy section */
		CC49F6031A39A26C009E27FF /* PBXContainerItemProxy */ = {
			isa = PBXContainerItemProxy;
			containerPortal = CC9CF8F41A14A89400E7EED6 /* Project object */;
			proxyType = 1;
			remoteGlobalIDString = CC49F6001A39A26C009E27FF;
			remoteInfo = "ControlTotal Watch App";
		};
		CC49F60C1A39A26C009E27FF /* PBXContainerItemProxy */ = {
			isa = PBXContainerItemProxy;
			containerPortal = CC9CF8F41A14A89400E7EED6 /* Project object */;
			proxyType = 1;
			remoteGlobalIDString = CC49F5EE1A39A26C009E27FF;
			remoteInfo = "ControlTotal WatchKit Extension";
		};
		CC9CF9151A14A89400E7EED6 /* PBXContainerItemProxy */ = {
			isa = PBXContainerItemProxy;
			containerPortal = CC9CF8F41A14A89400E7EED6 /* Project object */;
			proxyType = 1;
			remoteGlobalIDString = CC9CF8FB1A14A89400E7EED6;
			remoteInfo = ControlTotal;
		};
/* End PBXContainerItemProxy section */

/* Begin PBXCopyFilesBuildPhase section */
		CC49F6151A39A26C009E27FF /* Embed App Extensions */ = {
			isa = PBXCopyFilesBuildPhase;
			buildActionMask = 2147483647;
			dstPath = "";
			dstSubfolderSpec = 13;
			files = (
				CC49F60E1A39A26C009E27FF /* ControlTotal WatchKit Extension.appex in Embed App Extensions */,
			);
			name = "Embed App Extensions";
			runOnlyForDeploymentPostprocessing = 0;
		};
/* End PBXCopyFilesBuildPhase section */

/* Begin PBXFileReference section */
		CC0297501A31B7E5008259BC /* iTunesSongs.swift */ = {isa = PBXFileReference; fileEncoding = 4; lastKnownFileType = sourcecode.swift; path = iTunesSongs.swift; sourceTree = "<group>"; };
		CC08F7231A3AC7A5005C0662 /* CoverDefaultMini.png */ = {isa = PBXFileReference; lastKnownFileType = image.png; path = CoverDefaultMini.png; sourceTree = "<group>"; };
		CC08F7241A3AC7A5005C0662 /* CoverDefaultMini@2x.png */ = {isa = PBXFileReference; lastKnownFileType = image.png; path = "CoverDefaultMini@2x.png"; sourceTree = "<group>"; };
		CC08F7271A3AD885005C0662 /* CommandDownload.swift */ = {isa = PBXFileReference; fileEncoding = 4; lastKnownFileType = sourcecode.swift; path = CommandDownload.swift; sourceTree = "<group>"; };
		CC0F13EA1A31C24D009E7E49 /* Session.swift */ = {isa = PBXFileReference; fileEncoding = 4; lastKnownFileType = sourcecode.swift; path = Session.swift; sourceTree = "<group>"; };
		CC3660E41A1DD6010096758C /* libz.dylib */ = {isa = PBXFileReference; lastKnownFileType = "compiled.mach-o.dylib"; name = libz.dylib; path = usr/lib/libz.dylib; sourceTree = SDKROOT; };
		CC36620E1A1E847E0096758C /* NMSSH.framework */ = {isa = PBXFileReference; lastKnownFileType = wrapper.framework; path = NMSSH.framework; sourceTree = "<group>"; };
		CC3662171A1ECDB40096758C /* Connection.swift */ = {isa = PBXFileReference; fileEncoding = 4; lastKnownFileType = sourcecode.swift; path = Connection.swift; sourceTree = "<group>"; };
		CC3662191A1EEC0E0096758C /* ConnectionProperties.swift */ = {isa = PBXFileReference; fileEncoding = 4; lastKnownFileType = sourcecode.swift; path = ConnectionProperties.swift; sourceTree = "<group>"; };
		CC36621B1A1F0B7F0096758C /* Command.swift */ = {isa = PBXFileReference; fileEncoding = 4; lastKnownFileType = sourcecode.swift; path = Command.swift; sourceTree = "<group>"; };
		CC43C8751A27F25E00C1D0B6 /* CoverDefault.png */ = {isa = PBXFileReference; lastKnownFileType = image.png; path = CoverDefault.png; sourceTree = "<group>"; };
		CC43C8761A27F25E00C1D0B6 /* CoverDefault@2x.png */ = {isa = PBXFileReference; lastKnownFileType = image.png; path = "CoverDefault@2x.png"; sourceTree = "<group>"; };
		CC43C8791A27F34400C1D0B6 /* bg.jpg */ = {isa = PBXFileReference; lastKnownFileType = image.jpeg; path = bg.jpg; sourceTree = "<group>"; };
		CC43C87A1A27F34400C1D0B6 /* bg@2x.jpg */ = {isa = PBXFileReference; lastKnownFileType = image.jpeg; path = "bg@2x.jpg"; sourceTree = "<group>"; };
		CC43C87B1A27F34400C1D0B6 /* bg@3x.jpg */ = {isa = PBXFileReference; lastKnownFileType = image.jpeg; path = "bg@3x.jpg"; sourceTree = "<group>"; };
		CC49F5EF1A39A26C009E27FF /* ControlTotal WatchKit Extension.appex */ = {isa = PBXFileReference; explicitFileType = "wrapper.app-extension"; includeInIndex = 0; path = "ControlTotal WatchKit Extension.appex"; sourceTree = BUILT_PRODUCTS_DIR; };
		CC49F5F11A39A26C009E27FF /* WatchKit.framework */ = {isa = PBXFileReference; lastKnownFileType = wrapper.framework; name = WatchKit.framework; path = System/Library/Frameworks/WatchKit.framework; sourceTree = SDKROOT; };
		CC49F5F51A39A26C009E27FF /* Info.plist */ = {isa = PBXFileReference; lastKnownFileType = text.plist.xml; path = Info.plist; sourceTree = "<group>"; };
		CC49F5F61A39A26C009E27FF /* PushNotificationPayload.json */ = {isa = PBXFileReference; lastKnownFileType = text.json; path = PushNotificationPayload.json; sourceTree = "<group>"; };
		CC49F5F71A39A26C009E27FF /* InterfaceController.swift */ = {isa = PBXFileReference; lastKnownFileType = sourcecode.swift; path = InterfaceController.swift; sourceTree = "<group>"; };
		CC49F5F91A39A26C009E27FF /* NotificationController.swift */ = {isa = PBXFileReference; lastKnownFileType = sourcecode.swift; path = NotificationController.swift; sourceTree = "<group>"; };
		CC49F5FB1A39A26C009E27FF /* GlanceController.swift */ = {isa = PBXFileReference; lastKnownFileType = sourcecode.swift; path = GlanceController.swift; sourceTree = "<group>"; };
		CC49F5FD1A39A26C009E27FF /* Images.xcassets */ = {isa = PBXFileReference; lastKnownFileType = folder.assetcatalog; path = Images.xcassets; sourceTree = "<group>"; };
		CC49F6011A39A26C009E27FF /* ControlTotal Watch App.app */ = {isa = PBXFileReference; explicitFileType = wrapper.application; includeInIndex = 0; path = "ControlTotal Watch App.app"; sourceTree = BUILT_PRODUCTS_DIR; };
		CC49F6071A39A26C009E27FF /* Info.plist */ = {isa = PBXFileReference; lastKnownFileType = text.plist.xml; path = Info.plist; sourceTree = "<group>"; };
		CC49F6081A39A26C009E27FF /* Interface.storyboard */ = {isa = PBXFileReference; lastKnownFileType = file.storyboard; path = Interface.storyboard; sourceTree = "<group>"; };
		CC49F60A1A39A26C009E27FF /* Images.xcassets */ = {isa = PBXFileReference; lastKnownFileType = folder.assetcatalog; path = Images.xcassets; sourceTree = "<group>"; };
		CC5C14491A158FE400377333 /* ControlTotal-Bridging-Header.h */ = {isa = PBXFileReference; lastKnownFileType = sourcecode.c.h; path = "ControlTotal-Bridging-Header.h"; sourceTree = "<group>"; };
		CC70385E1A1F1F5300E5F622 /* DefaultView.swift */ = {isa = PBXFileReference; fileEncoding = 4; lastKnownFileType = sourcecode.swift; path = DefaultView.swift; sourceTree = "<group>"; };
		CC8B27761A36B34F000E9536 /* iTunesPlaylist.swift */ = {isa = PBXFileReference; fileEncoding = 4; lastKnownFileType = sourcecode.swift; path = iTunesPlaylist.swift; sourceTree = "<group>"; };
		CC8B277B1A36DAC9000E9536 /* folder.png */ = {isa = PBXFileReference; lastKnownFileType = image.png; path = folder.png; sourceTree = "<group>"; };
		CC8B277C1A36DAC9000E9536 /* folder@2x.png */ = {isa = PBXFileReference; lastKnownFileType = image.png; path = "folder@2x.png"; sourceTree = "<group>"; };
		CC8B277D1A36DAC9000E9536 /* literature.png */ = {isa = PBXFileReference; lastKnownFileType = image.png; path = literature.png; sourceTree = "<group>"; };
		CC8B277E1A36DAC9000E9536 /* literature@2x.png */ = {isa = PBXFileReference; lastKnownFileType = image.png; path = "literature@2x.png"; sourceTree = "<group>"; };
		CC8B277F1A36DAC9000E9536 /* micro.png */ = {isa = PBXFileReference; lastKnownFileType = image.png; path = micro.png; sourceTree = "<group>"; };
		CC8B27801A36DAC9000E9536 /* micro@2x.png */ = {isa = PBXFileReference; lastKnownFileType = image.png; path = "micro@2x.png"; sourceTree = "<group>"; };
		CC8B27811A36DAC9000E9536 /* movie.png */ = {isa = PBXFileReference; lastKnownFileType = image.png; path = movie.png; sourceTree = "<group>"; };
		CC8B27821A36DAC9000E9536 /* movie@2x.png */ = {isa = PBXFileReference; lastKnownFileType = image.png; path = "movie@2x.png"; sourceTree = "<group>"; };
		CC8B27831A36DAC9000E9536 /* museum.png */ = {isa = PBXFileReference; lastKnownFileType = image.png; path = museum.png; sourceTree = "<group>"; };
		CC8B27841A36DAC9000E9536 /* museum@2x.png */ = {isa = PBXFileReference; lastKnownFileType = image.png; path = "museum@2x.png"; sourceTree = "<group>"; };
		CC8B27851A36DAC9000E9536 /* music_transcript.png */ = {isa = PBXFileReference; lastKnownFileType = image.png; path = music_transcript.png; sourceTree = "<group>"; };
		CC8B27861A36DAC9000E9536 /* music_transcript@2x.png */ = {isa = PBXFileReference; lastKnownFileType = image.png; path = "music_transcript@2x.png"; sourceTree = "<group>"; };
		CC8B27871A36DAC9000E9536 /* music_video.png */ = {isa = PBXFileReference; lastKnownFileType = image.png; path = music_video.png; sourceTree = "<group>"; };
		CC8B27881A36DAC9000E9536 /* music_video@2x.png */ = {isa = PBXFileReference; lastKnownFileType = image.png; path = "music_video@2x.png"; sourceTree = "<group>"; };
		CC8B27891A36DAC9000E9536 /* photo.png */ = {isa = PBXFileReference; lastKnownFileType = image.png; path = photo.png; sourceTree = "<group>"; };
		CC8B278A1A36DAC9000E9536 /* photo@2x.png */ = {isa = PBXFileReference; lastKnownFileType = image.png; path = "photo@2x.png"; sourceTree = "<group>"; };
		CC8B278B1A36DAC9000E9536 /* physics.png */ = {isa = PBXFileReference; lastKnownFileType = image.png; path = physics.png; sourceTree = "<group>"; };
		CC8B278C1A36DAC9000E9536 /* physics@2x.png */ = {isa = PBXFileReference; lastKnownFileType = image.png; path = "physics@2x.png"; sourceTree = "<group>"; };
		CC8B278D1A36DAC9000E9536 /* piano.png */ = {isa = PBXFileReference; lastKnownFileType = image.png; path = piano.png; sourceTree = "<group>"; };
		CC8B278E1A36DAC9000E9536 /* piano@2x.png */ = {isa = PBXFileReference; lastKnownFileType = image.png; path = "piano@2x.png"; sourceTree = "<group>"; };
		CC8B278F1A36DAC9000E9536 /* presentation_filled.png */ = {isa = PBXFileReference; lastKnownFileType = image.png; path = presentation_filled.png; sourceTree = "<group>"; };
		CC8B27901A36DAC9000E9536 /* presentation_filled@2x.png */ = {isa = PBXFileReference; lastKnownFileType = image.png; path = "presentation_filled@2x.png"; sourceTree = "<group>"; };
		CC8B27911A36DAC9000E9536 /* rfid_signal.png */ = {isa = PBXFileReference; lastKnownFileType = image.png; path = rfid_signal.png; sourceTree = "<group>"; };
		CC8B27921A36DAC9000E9536 /* rfid_signal@2x.png */ = {isa = PBXFileReference; lastKnownFileType = image.png; path = "rfid_signal@2x.png"; sourceTree = "<group>"; };
		CC8B27931A36DAC9000E9536 /* shopping_bag.png */ = {isa = PBXFileReference; lastKnownFileType = image.png; path = shopping_bag.png; sourceTree = "<group>"; };
		CC8B27941A36DAC9000E9536 /* shopping_bag@2x.png */ = {isa = PBXFileReference; lastKnownFileType = image.png; path = "shopping_bag@2x.png"; sourceTree = "<group>"; };
		CC8B27951A36DAC9000E9536 /* stack_of_photos.png */ = {isa = PBXFileReference; lastKnownFileType = image.png; path = stack_of_photos.png; sourceTree = "<group>"; };
		CC8B27961A36DAC9000E9536 /* stack_of_photos@2x.png */ = {isa = PBXFileReference; lastKnownFileType = image.png; path = "stack_of_photos@2x.png"; sourceTree = "<group>"; };
		CC8B27971A36DAC9000E9536 /* train_ticket.png */ = {isa = PBXFileReference; lastKnownFileType = image.png; path = train_ticket.png; sourceTree = "<group>"; };
		CC8B27981A36DAC9000E9536 /* train_ticket@2x.png */ = {isa = PBXFileReference; lastKnownFileType = image.png; path = "train_ticket@2x.png"; sourceTree = "<group>"; };
		CC8B27991A36DAC9000E9536 /* trash.png */ = {isa = PBXFileReference; lastKnownFileType = image.png; path = trash.png; sourceTree = "<group>"; };
		CC8B279A1A36DAC9000E9536 /* trash@2x.png */ = {isa = PBXFileReference; lastKnownFileType = image.png; path = "trash@2x.png"; sourceTree = "<group>"; };
		CC8B279B1A36DAC9000E9536 /* tv.png */ = {isa = PBXFileReference; lastKnownFileType = image.png; path = tv.png; sourceTree = "<group>"; };
		CC8B279C1A36DAC9000E9536 /* tv@2x.png */ = {isa = PBXFileReference; lastKnownFileType = image.png; path = "tv@2x.png"; sourceTree = "<group>"; };
		CC8B279D1A36DAC9000E9536 /* tv_show.png */ = {isa = PBXFileReference; lastKnownFileType = image.png; path = tv_show.png; sourceTree = "<group>"; };
		CC8B279E1A36DAC9000E9536 /* tv_show@2x.png */ = {isa = PBXFileReference; lastKnownFileType = image.png; path = "tv_show@2x.png"; sourceTree = "<group>"; };
		CC8B279F1A36DAC9000E9536 /* wifi.png */ = {isa = PBXFileReference; lastKnownFileType = image.png; path = wifi.png; sourceTree = "<group>"; };
		CC8B27A01A36DAC9000E9536 /* wifi@2x.png */ = {isa = PBXFileReference; lastKnownFileType = image.png; path = "wifi@2x.png"; sourceTree = "<group>"; };
		CC8B27C91A36E048000E9536 /* Icons.swift */ = {isa = PBXFileReference; fileEncoding = 4; lastKnownFileType = sourcecode.swift; path = Icons.swift; sourceTree = "<group>"; };
		CC8B27CF1A36E57B000E9536 /* student.png */ = {isa = PBXFileReference; lastKnownFileType = image.png; path = student.png; sourceTree = "<group>"; };
		CC8B27D01A36E57B000E9536 /* student@2x.png */ = {isa = PBXFileReference; lastKnownFileType = image.png; path = "student@2x.png"; sourceTree = "<group>"; };
		CC8B27D31A36E747000E9536 /* music_icon.png */ = {isa = PBXFileReference; lastKnownFileType = image.png; path = music_icon.png; sourceTree = "<group>"; };
		CC8B27D41A36E747000E9536 /* music_icon@2x.png */ = {isa = PBXFileReference; lastKnownFileType = image.png; path = "music_icon@2x.png"; sourceTree = "<group>"; };
		CC8B27D71A36E7EF000E9536 /* chrome_icon.png */ = {isa = PBXFileReference; lastKnownFileType = image.png; path = chrome_icon.png; sourceTree = "<group>"; };
		CC8B27D81A36E7EF000E9536 /* chrome_icon@2x.png */ = {isa = PBXFileReference; lastKnownFileType = image.png; path = "chrome_icon@2x.png"; sourceTree = "<group>"; };
		CC8B27DC1A374578000E9536 /* MiniPlayer.swift */ = {isa = PBXFileReference; fileEncoding = 4; lastKnownFileType = sourcecode.swift; path = MiniPlayer.swift; sourceTree = "<group>"; };
		CC8DFC681A1DAFD10045B355 /* Types.swift */ = {isa = PBXFileReference; fileEncoding = 4; lastKnownFileType = sourcecode.swift; path = Types.swift; sourceTree = "<group>"; };
		CC9CF8FC1A14A89400E7EED6 /* ControlTotal.app */ = {isa = PBXFileReference; explicitFileType = wrapper.application; includeInIndex = 0; path = ControlTotal.app; sourceTree = BUILT_PRODUCTS_DIR; };
		CC9CF9001A14A89400E7EED6 /* Info.plist */ = {isa = PBXFileReference; lastKnownFileType = text.plist.xml; path = Info.plist; sourceTree = "<group>"; };
		CC9CF9011A14A89400E7EED6 /* AppDelegate.swift */ = {isa = PBXFileReference; lastKnownFileType = sourcecode.swift; path = AppDelegate.swift; sourceTree = "<group>"; };
		CC9CF9041A14A89400E7EED6 /* ControlTotal.xcdatamodel */ = {isa = PBXFileReference; lastKnownFileType = wrapper.xcdatamodel; path = ControlTotal.xcdatamodel; sourceTree = "<group>"; };
		CC9CF9061A14A89400E7EED6 /* SearchDevicesView.swift */ = {isa = PBXFileReference; lastKnownFileType = sourcecode.swift; path = SearchDevicesView.swift; sourceTree = "<group>"; };
		CC9CF9091A14A89400E7EED6 /* Base */ = {isa = PBXFileReference; lastKnownFileType = file.storyboard; name = Base; path = Base.lproj/Main.storyboard; sourceTree = "<group>"; };
		CC9CF90B1A14A89400E7EED6 /* Images.xcassets */ = {isa = PBXFileReference; lastKnownFileType = folder.assetcatalog; path = Images.xcassets; sourceTree = "<group>"; };
		CC9CF90E1A14A89400E7EED6 /* Base */ = {isa = PBXFileReference; lastKnownFileType = file.xib; name = Base; path = Base.lproj/LaunchScreen.xib; sourceTree = "<group>"; };
		CC9CF9141A14A89400E7EED6 /* ControlTotalTests.xctest */ = {isa = PBXFileReference; explicitFileType = wrapper.cfbundle; includeInIndex = 0; path = ControlTotalTests.xctest; sourceTree = BUILT_PRODUCTS_DIR; };
		CC9CF9191A14A89400E7EED6 /* Info.plist */ = {isa = PBXFileReference; lastKnownFileType = text.plist.xml; path = Info.plist; sourceTree = "<group>"; };
		CC9CF91A1A14A89400E7EED6 /* ControlTotalTests.swift */ = {isa = PBXFileReference; lastKnownFileType = sourcecode.swift; path = ControlTotalTests.swift; sourceTree = "<group>"; };
		CCA047511A26B75B00EA1A9C /* Date.swift */ = {isa = PBXFileReference; fileEncoding = 4; lastKnownFileType = sourcecode.swift; path = Date.swift; sourceTree = "<group>"; };
		CCA5F08D1A2E74A9005BD008 /* star_highlighted.png */ = {isa = PBXFileReference; lastKnownFileType = image.png; path = star_highlighted.png; sourceTree = "<group>"; };
		CCA5F08E1A2E74A9005BD008 /* star_highlighted@2x.png */ = {isa = PBXFileReference; lastKnownFileType = image.png; path = "star_highlighted@2x.png"; sourceTree = "<group>"; };
		CCA5F08F1A2E74A9005BD008 /* star.png */ = {isa = PBXFileReference; lastKnownFileType = image.png; path = star.png; sourceTree = "<group>"; };
		CCA5F0911A2E74A9005BD008 /* star@2x.png */ = {isa = PBXFileReference; lastKnownFileType = image.png; path = "star@2x.png"; sourceTree = "<group>"; };
		CCA5F0981A2E7675005BD008 /* AMSlideMenuContentSegue.h */ = {isa = PBXFileReference; fileEncoding = 4; lastKnownFileType = sourcecode.c.h; path = AMSlideMenuContentSegue.h; sourceTree = "<group>"; };
		CCA5F0991A2E7675005BD008 /* AMSlideMenuContentSegue.m */ = {isa = PBXFileReference; fileEncoding = 4; lastKnownFileType = sourcecode.c.objc; path = AMSlideMenuContentSegue.m; sourceTree = "<group>"; };
		CCA5F09A1A2E7675005BD008 /* AMSlideMenuLeftMenuSegue.h */ = {isa = PBXFileReference; fileEncoding = 4; lastKnownFileType = sourcecode.c.h; path = AMSlideMenuLeftMenuSegue.h; sourceTree = "<group>"; };
		CCA5F09B1A2E7675005BD008 /* AMSlideMenuLeftMenuSegue.m */ = {isa = PBXFileReference; fileEncoding = 4; lastKnownFileType = sourcecode.c.objc; path = AMSlideMenuLeftMenuSegue.m; sourceTree = "<group>"; };
		CCA5F09C1A2E7675005BD008 /* AMSlideMenuLeftTableViewController.h */ = {isa = PBXFileReference; fileEncoding = 4; lastKnownFileType = sourcecode.c.h; path = AMSlideMenuLeftTableViewController.h; sourceTree = "<group>"; };
		CCA5F09D1A2E7675005BD008 /* AMSlideMenuLeftTableViewController.m */ = {isa = PBXFileReference; fileEncoding = 4; lastKnownFileType = sourcecode.c.objc; path = AMSlideMenuLeftTableViewController.m; sourceTree = "<group>"; };
		CCA5F09E1A2E7675005BD008 /* AMSlideMenuMainViewController.h */ = {isa = PBXFileReference; fileEncoding = 4; lastKnownFileType = sourcecode.c.h; path = AMSlideMenuMainViewController.h; sourceTree = "<group>"; };
		CCA5F09F1A2E7675005BD008 /* AMSlideMenuMainViewController.m */ = {isa = PBXFileReference; fileEncoding = 4; lastKnownFileType = sourcecode.c.objc; path = AMSlideMenuMainViewController.m; sourceTree = "<group>"; };
		CCA5F0A01A2E7675005BD008 /* AMSlideMenuProtocols.h */ = {isa = PBXFileReference; fileEncoding = 4; lastKnownFileType = sourcecode.c.h; path = AMSlideMenuProtocols.h; sourceTree = "<group>"; };
		CCA5F0A11A2E7675005BD008 /* AMSlideMenuRightMenuSegue.h */ = {isa = PBXFileReference; fileEncoding = 4; lastKnownFileType = sourcecode.c.h; path = AMSlideMenuRightMenuSegue.h; sourceTree = "<group>"; };
		CCA5F0A21A2E7675005BD008 /* AMSlideMenuRightMenuSegue.m */ = {isa = PBXFileReference; fileEncoding = 4; lastKnownFileType = sourcecode.c.objc; path = AMSlideMenuRightMenuSegue.m; sourceTree = "<group>"; };
		CCA5F0A31A2E7675005BD008 /* AMSlideMenuRightTableViewController.h */ = {isa = PBXFileReference; fileEncoding = 4; lastKnownFileType = sourcecode.c.h; path = AMSlideMenuRightTableViewController.h; sourceTree = "<group>"; };
		CCA5F0A41A2E7675005BD008 /* AMSlideMenuRightTableViewController.m */ = {isa = PBXFileReference; fileEncoding = 4; lastKnownFileType = sourcecode.c.objc; path = AMSlideMenuRightTableViewController.m; sourceTree = "<group>"; };
		CCA5F0A51A2E7675005BD008 /* UIViewController+AMSlideMenu.h */ = {isa = PBXFileReference; fileEncoding = 4; lastKnownFileType = sourcecode.c.h; path = "UIViewController+AMSlideMenu.h"; sourceTree = "<group>"; };
		CCA5F0A61A2E7675005BD008 /* UIViewController+AMSlideMenu.m */ = {isa = PBXFileReference; fileEncoding = 4; lastKnownFileType = sourcecode.c.objc; path = "UIViewController+AMSlideMenu.m"; sourceTree = "<group>"; };
		CCA5F0B51A2E856F005BD008 /* music.png */ = {isa = PBXFileReference; lastKnownFileType = image.png; path = music.png; sourceTree = "<group>"; };
		CCA5F0B71A2E8A4D005BD008 /* music@2x.png */ = {isa = PBXFileReference; lastKnownFileType = image.png; path = "music@2x.png"; sourceTree = "<group>"; };
		CCA5F0B91A2E8DC1005BD008 /* album.png */ = {isa = PBXFileReference; lastKnownFileType = image.png; path = album.png; sourceTree = "<group>"; };
		CCA5F0BA1A2E8DC1005BD008 /* album@2x.png */ = {isa = PBXFileReference; lastKnownFileType = image.png; path = "album@2x.png"; sourceTree = "<group>"; };
		CCA5F0BD1A2E8ECA005BD008 /* artist.png */ = {isa = PBXFileReference; lastKnownFileType = image.png; path = artist.png; sourceTree = "<group>"; };
		CCA5F0BE1A2E8ECA005BD008 /* artist@2x.png */ = {isa = PBXFileReference; lastKnownFileType = image.png; path = "artist@2x.png"; sourceTree = "<group>"; };
		CCB5418E1A2ED77800DFD43A /* MainVC.swift */ = {isa = PBXFileReference; fileEncoding = 4; lastKnownFileType = sourcecode.swift; path = MainVC.swift; sourceTree = "<group>"; };
		CCB541901A2EDC6A00DFD43A /* LeftMenuVC.swift */ = {isa = PBXFileReference; fileEncoding = 4; lastKnownFileType = sourcecode.swift; path = LeftMenuVC.swift; sourceTree = "<group>"; };
		CCB541931A2EF46300DFD43A /* itunes.png */ = {isa = PBXFileReference; lastKnownFileType = image.png; path = itunes.png; sourceTree = "<group>"; };
		CCB541941A2EF46300DFD43A /* itunes@2x.png */ = {isa = PBXFileReference; lastKnownFileType = image.png; path = "itunes@2x.png"; sourceTree = "<group>"; };
		CCB541971A2EF66900DFD43A /* keynote.png */ = {isa = PBXFileReference; lastKnownFileType = image.png; path = keynote.png; sourceTree = "<group>"; };
		CCB541981A2EF66900DFD43A /* keynote@2x.png */ = {isa = PBXFileReference; lastKnownFileType = image.png; path = "keynote@2x.png"; sourceTree = "<group>"; };
		CCB5419B1A2EF7B300DFD43A /* finder.png */ = {isa = PBXFileReference; lastKnownFileType = image.png; path = finder.png; sourceTree = "<group>"; };
		CCB5419C1A2EF7B300DFD43A /* finder@2x.png */ = {isa = PBXFileReference; lastKnownFileType = image.png; path = "finder@2x.png"; sourceTree = "<group>"; };
		CCB5419F1A2EF85800DFD43A /* chrome.png */ = {isa = PBXFileReference; lastKnownFileType = image.png; path = chrome.png; sourceTree = "<group>"; };
		CCB541A01A2EF85800DFD43A /* chrome@2x.png */ = {isa = PBXFileReference; lastKnownFileType = image.png; path = "chrome@2x.png"; sourceTree = "<group>"; };
		CCD392BD1A254C0300A3864F /* CommandGenerator.swift */ = {isa = PBXFileReference; fileEncoding = 4; lastKnownFileType = sourcecode.swift; path = CommandGenerator.swift; sourceTree = "<group>"; };
		CCD973401A1B1E1E001D6BD3 /* CFNetwork.framework */ = {isa = PBXFileReference; lastKnownFileType = wrapper.framework; name = CFNetwork.framework; path = System/Library/Frameworks/CFNetwork.framework; sourceTree = SDKROOT; };
		CCD9A96A1A1C66CA0093EB08 /* LoginView.swift */ = {isa = PBXFileReference; fileEncoding = 4; lastKnownFileType = sourcecode.swift; path = LoginView.swift; sourceTree = "<group>"; };
		CCD9A96E1A1C6F550093EB08 /* MasterView.swift */ = {isa = PBXFileReference; fileEncoding = 4; lastKnownFileType = sourcecode.swift; path = MasterView.swift; sourceTree = "<group>"; };
		CCE0C1071A24A184003C66A2 /* UIImage+ImageEffects.h */ = {isa = PBXFileReference; fileEncoding = 4; lastKnownFileType = sourcecode.c.h; path = "UIImage+ImageEffects.h"; sourceTree = "<group>"; };
		CCE0C1081A24A184003C66A2 /* UIImage+ImageEffects.m */ = {isa = PBXFileReference; fileEncoding = 4; lastKnownFileType = sourcecode.c.objc; path = "UIImage+ImageEffects.m"; sourceTree = "<group>"; };
		CCE3471A1A1F35B900A7881A /* FontAwesome.ttf */ = {isa = PBXFileReference; lastKnownFileType = file; path = FontAwesome.ttf; sourceTree = "<group>"; };
		CCE3471C1A1F35B900A7881A /* FAImageView.h */ = {isa = PBXFileReference; fileEncoding = 4; lastKnownFileType = sourcecode.c.h; path = FAImageView.h; sourceTree = "<group>"; };
		CCE3471D1A1F35B900A7881A /* FAImageView.m */ = {isa = PBXFileReference; fileEncoding = 4; lastKnownFileType = sourcecode.c.objc; path = FAImageView.m; sourceTree = "<group>"; };
		CCE3471E1A1F35B900A7881A /* FontAwesome+iOS.podspec */ = {isa = PBXFileReference; fileEncoding = 4; lastKnownFileType = text; path = "FontAwesome+iOS.podspec"; sourceTree = "<group>"; };
		CCE3471F1A1F35B900A7881A /* NSString+FontAwesome.h */ = {isa = PBXFileReference; fileEncoding = 4; lastKnownFileType = sourcecode.c.h; path = "NSString+FontAwesome.h"; sourceTree = "<group>"; };
		CCE347201A1F35B900A7881A /* NSString+FontAwesome.m */ = {isa = PBXFileReference; fileEncoding = 4; lastKnownFileType = sourcecode.c.objc; path = "NSString+FontAwesome.m"; sourceTree = "<group>"; };
		CCE347221A1F35B900A7881A /* UIFont+FontAwesome.h */ = {isa = PBXFileReference; fileEncoding = 4; lastKnownFileType = sourcecode.c.h; path = "UIFont+FontAwesome.h"; sourceTree = "<group>"; };
		CCE347231A1F35B900A7881A /* UIFont+FontAwesome.m */ = {isa = PBXFileReference; fileEncoding = 4; lastKnownFileType = sourcecode.c.objc; path = "UIFont+FontAwesome.m"; sourceTree = "<group>"; };
		CCE3472A1A1F396900A7881A /* CoreGraphics.framework */ = {isa = PBXFileReference; lastKnownFileType = wrapper.framework; name = CoreGraphics.framework; path = System/Library/Frameworks/CoreGraphics.framework; sourceTree = SDKROOT; };
		CCE3472C1A1F397D00A7881A /* UIKit.framework */ = {isa = PBXFileReference; lastKnownFileType = wrapper.framework; name = UIKit.framework; path = System/Library/Frameworks/UIKit.framework; sourceTree = SDKROOT; };
		CCF014C21A2C77C5005BBFFB /* StarRatingControl.h */ = {isa = PBXFileReference; fileEncoding = 4; lastKnownFileType = sourcecode.c.h; path = StarRatingControl.h; sourceTree = "<group>"; };
		CCF014C31A2C77C5005BBFFB /* StarRatingControl.m */ = {isa = PBXFileReference; fileEncoding = 4; lastKnownFileType = sourcecode.c.objc; path = StarRatingControl.m; sourceTree = "<group>"; };
/* End PBXFileReference section */

/* Begin PBXFrameworksBuildPhase section */
		CC49F5EC1A39A26C009E27FF /* Frameworks */ = {
			isa = PBXFrameworksBuildPhase;
			buildActionMask = 2147483647;
			files = (
				CC49F5F21A39A26C009E27FF /* WatchKit.framework in Frameworks */,
			);
			runOnlyForDeploymentPostprocessing = 0;
		};
		CC9CF8F91A14A89400E7EED6 /* Frameworks */ = {
			isa = PBXFrameworksBuildPhase;
			buildActionMask = 2147483647;
			files = (
				CCE3472D1A1F397D00A7881A /* UIKit.framework in Frameworks */,
				CCE3472B1A1F396900A7881A /* CoreGraphics.framework in Frameworks */,
				CC36620F1A1E847E0096758C /* NMSSH.framework in Frameworks */,
				CC3660E51A1DD6010096758C /* libz.dylib in Frameworks */,
				CCD973411A1B1E1E001D6BD3 /* CFNetwork.framework in Frameworks */,
			);
			runOnlyForDeploymentPostprocessing = 0;
		};
		CC9CF9111A14A89400E7EED6 /* Frameworks */ = {
			isa = PBXFrameworksBuildPhase;
			buildActionMask = 2147483647;
			files = (
			);
			runOnlyForDeploymentPostprocessing = 0;
		};
/* End PBXFrameworksBuildPhase section */

/* Begin PBXGroup section */
		CC43C8741A27F25E00C1D0B6 /* Images */ = {
			isa = PBXGroup;
			children = (
				CC08F7231A3AC7A5005C0662 /* CoverDefaultMini.png */,
				CC08F7241A3AC7A5005C0662 /* CoverDefaultMini@2x.png */,
				CC8B27781A36DAC9000E9536 /* icons */,
				CCB541921A2EF46300DFD43A /* sidebar_icons */,
				CCA5F0B41A2E856F005BD008 /* tab_icons */,
				CCA5F08D1A2E74A9005BD008 /* star_highlighted.png */,
				CCA5F08E1A2E74A9005BD008 /* star_highlighted@2x.png */,
				CCA5F08F1A2E74A9005BD008 /* star.png */,
				CCA5F0911A2E74A9005BD008 /* star@2x.png */,
				CC43C8791A27F34400C1D0B6 /* bg.jpg */,
				CC43C87A1A27F34400C1D0B6 /* bg@2x.jpg */,
				CC43C87B1A27F34400C1D0B6 /* bg@3x.jpg */,
				CC43C8751A27F25E00C1D0B6 /* CoverDefault.png */,
				CC43C8761A27F25E00C1D0B6 /* CoverDefault@2x.png */,
			);
			path = Images;
			sourceTree = "<group>";
		};
		CC48553E1A1C2485000FB1D8 /* Controllers */ = {
			isa = PBXGroup;
			children = (
				CC9CF9061A14A89400E7EED6 /* SearchDevicesView.swift */,
				CCD9A96A1A1C66CA0093EB08 /* LoginView.swift */,
				CCD9A96E1A1C6F550093EB08 /* MasterView.swift */,
				CC70385E1A1F1F5300E5F622 /* DefaultView.swift */,
				CCB5418E1A2ED77800DFD43A /* MainVC.swift */,
				CCB541901A2EDC6A00DFD43A /* LeftMenuVC.swift */,
				CC0297501A31B7E5008259BC /* iTunesSongs.swift */,
				CC8B27761A36B34F000E9536 /* iTunesPlaylist.swift */,
			);
			name = Controllers;
			sourceTree = "<group>";
		};
		CC49F5F01A39A26C009E27FF /* Frameworks */ = {
			isa = PBXGroup;
			children = (
				CC49F5F11A39A26C009E27FF /* WatchKit.framework */,
			);
			name = Frameworks;
			sourceTree = "<group>";
		};
		CC49F5F31A39A26C009E27FF /* ControlTotal WatchKit Extension */ = {
			isa = PBXGroup;
			children = (
				CC49F5F71A39A26C009E27FF /* InterfaceController.swift */,
				CC49F5F91A39A26C009E27FF /* NotificationController.swift */,
				CC49F5FB1A39A26C009E27FF /* GlanceController.swift */,
				CC49F5FD1A39A26C009E27FF /* Images.xcassets */,
				CC49F5F41A39A26C009E27FF /* Supporting Files */,
			);
			path = "ControlTotal WatchKit Extension";
			sourceTree = "<group>";
		};
		CC49F5F41A39A26C009E27FF /* Supporting Files */ = {
			isa = PBXGroup;
			children = (
				CC49F5F51A39A26C009E27FF /* Info.plist */,
				CC49F5F61A39A26C009E27FF /* PushNotificationPayload.json */,
			);
			name = "Supporting Files";
			sourceTree = "<group>";
		};
		CC49F6051A39A26C009E27FF /* ControlTotal Watch App */ = {
			isa = PBXGroup;
			children = (
				CC49F6081A39A26C009E27FF /* Interface.storyboard */,
				CC49F60A1A39A26C009E27FF /* Images.xcassets */,
				CC49F6061A39A26C009E27FF /* Supporting Files */,
			);
			path = "ControlTotal Watch App";
			sourceTree = "<group>";
		};
		CC49F6061A39A26C009E27FF /* Supporting Files */ = {
			isa = PBXGroup;
			children = (
				CC49F6071A39A26C009E27FF /* Info.plist */,
			);
			name = "Supporting Files";
			sourceTree = "<group>";
		};
		CC8B27781A36DAC9000E9536 /* icons */ = {
			isa = PBXGroup;
			children = (
				CC8B27D71A36E7EF000E9536 /* chrome_icon.png */,
				CC8B27D81A36E7EF000E9536 /* chrome_icon@2x.png */,
				CC8B27D31A36E747000E9536 /* music_icon.png */,
				CC8B27D41A36E747000E9536 /* music_icon@2x.png */,
				CC8B27CF1A36E57B000E9536 /* student.png */,
				CC8B27D01A36E57B000E9536 /* student@2x.png */,
				CC8B277B1A36DAC9000E9536 /* folder.png */,
				CC8B277C1A36DAC9000E9536 /* folder@2x.png */,
				CC8B277D1A36DAC9000E9536 /* literature.png */,
				CC8B277E1A36DAC9000E9536 /* literature@2x.png */,
				CC8B277F1A36DAC9000E9536 /* micro.png */,
				CC8B27801A36DAC9000E9536 /* micro@2x.png */,
				CC8B27811A36DAC9000E9536 /* movie.png */,
				CC8B27821A36DAC9000E9536 /* movie@2x.png */,
				CC8B27831A36DAC9000E9536 /* museum.png */,
				CC8B27841A36DAC9000E9536 /* museum@2x.png */,
				CC8B27851A36DAC9000E9536 /* music_transcript.png */,
				CC8B27861A36DAC9000E9536 /* music_transcript@2x.png */,
				CC8B27871A36DAC9000E9536 /* music_video.png */,
				CC8B27881A36DAC9000E9536 /* music_video@2x.png */,
				CC8B27891A36DAC9000E9536 /* photo.png */,
				CC8B278A1A36DAC9000E9536 /* photo@2x.png */,
				CC8B278B1A36DAC9000E9536 /* physics.png */,
				CC8B278C1A36DAC9000E9536 /* physics@2x.png */,
				CC8B278D1A36DAC9000E9536 /* piano.png */,
				CC8B278E1A36DAC9000E9536 /* piano@2x.png */,
				CC8B278F1A36DAC9000E9536 /* presentation_filled.png */,
				CC8B27901A36DAC9000E9536 /* presentation_filled@2x.png */,
				CC8B27911A36DAC9000E9536 /* rfid_signal.png */,
				CC8B27921A36DAC9000E9536 /* rfid_signal@2x.png */,
				CC8B27931A36DAC9000E9536 /* shopping_bag.png */,
				CC8B27941A36DAC9000E9536 /* shopping_bag@2x.png */,
				CC8B27951A36DAC9000E9536 /* stack_of_photos.png */,
				CC8B27961A36DAC9000E9536 /* stack_of_photos@2x.png */,
				CC8B27971A36DAC9000E9536 /* train_ticket.png */,
				CC8B27981A36DAC9000E9536 /* train_ticket@2x.png */,
				CC8B27991A36DAC9000E9536 /* trash.png */,
				CC8B279A1A36DAC9000E9536 /* trash@2x.png */,
				CC8B279B1A36DAC9000E9536 /* tv.png */,
				CC8B279C1A36DAC9000E9536 /* tv@2x.png */,
				CC8B279D1A36DAC9000E9536 /* tv_show.png */,
				CC8B279E1A36DAC9000E9536 /* tv_show@2x.png */,
				CC8B279F1A36DAC9000E9536 /* wifi.png */,
				CC8B27A01A36DAC9000E9536 /* wifi@2x.png */,
			);
			path = icons;
			sourceTree = "<group>";
		};
		CC8B27DB1A374557000E9536 /* UIView */ = {
			isa = PBXGroup;
			children = (
				CC8B27DC1A374578000E9536 /* MiniPlayer.swift */,
			);
			name = UIView;
			sourceTree = "<group>";
		};
		CC9CF8F31A14A89400E7EED6 = {
			isa = PBXGroup;
			children = (
				CCA5F0971A2E7675005BD008 /* AMSlideMenu */,
				CCF014C11A2C77BB005BBFFB /* StartRating */,
				CCE0C1061A24A173003C66A2 /* UIImageEffect */,
				CCD973401A1B1E1E001D6BD3 /* CFNetwork.framework */,
				CCE3472C1A1F397D00A7881A /* UIKit.framework */,
				CCE3472A1A1F396900A7881A /* CoreGraphics.framework */,
				CCE347191A1F35B900A7881A /* Resources */,
				CCE3471B1A1F35B900A7881A /* FontAwesome */,
				CC36620E1A1E847E0096758C /* NMSSH.framework */,
				CC3660E41A1DD6010096758C /* libz.dylib */,
				CC9CF8FE1A14A89400E7EED6 /* ControlTotal */,
				CC9CF9171A14A89400E7EED6 /* ControlTotalTests */,
				CC49F5F31A39A26C009E27FF /* ControlTotal WatchKit Extension */,
				CC49F6051A39A26C009E27FF /* ControlTotal Watch App */,
				CC49F5F01A39A26C009E27FF /* Frameworks */,
				CC9CF8FD1A14A89400E7EED6 /* Products */,
			);
			sourceTree = "<group>";
		};
		CC9CF8FD1A14A89400E7EED6 /* Products */ = {
			isa = PBXGroup;
			children = (
				CC9CF8FC1A14A89400E7EED6 /* ControlTotal.app */,
				CC9CF9141A14A89400E7EED6 /* ControlTotalTests.xctest */,
				CC49F5EF1A39A26C009E27FF /* ControlTotal WatchKit Extension.appex */,
				CC49F6011A39A26C009E27FF /* ControlTotal Watch App.app */,
			);
			name = Products;
			sourceTree = "<group>";
		};
		CC9CF8FE1A14A89400E7EED6 /* ControlTotal */ = {
			isa = PBXGroup;
			children = (
				CC43C8741A27F25E00C1D0B6 /* Images */,
				CC8B27DB1A374557000E9536 /* UIView */,
				CCA047511A26B75B00EA1A9C /* Date.swift */,
				CC8B27C91A36E048000E9536 /* Icons.swift */,
				CC8DFC681A1DAFD10045B355 /* Types.swift */,
				CC0F13EA1A31C24D009E7E49 /* Session.swift */,
				CC36621B1A1F0B7F0096758C /* Command.swift */,
				CC08F7271A3AD885005C0662 /* CommandDownload.swift */,
				CCD392BD1A254C0300A3864F /* CommandGenerator.swift */,
				CC3662171A1ECDB40096758C /* Connection.swift */,
				CC3662191A1EEC0E0096758C /* ConnectionProperties.swift */,
				CC48553E1A1C2485000FB1D8 /* Controllers */,
				CC9CF9011A14A89400E7EED6 /* AppDelegate.swift */,
				CC9CF9081A14A89400E7EED6 /* Main.storyboard */,
				CC9CF90B1A14A89400E7EED6 /* Images.xcassets */,
				CC9CF90D1A14A89400E7EED6 /* LaunchScreen.xib */,
				CC9CF9031A14A89400E7EED6 /* ControlTotal.xcdatamodeld */,
				CC9CF8FF1A14A89400E7EED6 /* Supporting Files */,
				CC5C14491A158FE400377333 /* ControlTotal-Bridging-Header.h */,
			);
			path = ControlTotal;
			sourceTree = "<group>";
		};
		CC9CF8FF1A14A89400E7EED6 /* Supporting Files */ = {
			isa = PBXGroup;
			children = (
				CC9CF9001A14A89400E7EED6 /* Info.plist */,
			);
			name = "Supporting Files";
			sourceTree = "<group>";
		};
		CC9CF9171A14A89400E7EED6 /* ControlTotalTests */ = {
			isa = PBXGroup;
			children = (
				CC9CF91A1A14A89400E7EED6 /* ControlTotalTests.swift */,
				CC9CF9181A14A89400E7EED6 /* Supporting Files */,
			);
			path = ControlTotalTests;
			sourceTree = "<group>";
		};
		CC9CF9181A14A89400E7EED6 /* Supporting Files */ = {
			isa = PBXGroup;
			children = (
				CC9CF9191A14A89400E7EED6 /* Info.plist */,
			);
			name = "Supporting Files";
			sourceTree = "<group>";
		};
		CCA5F0971A2E7675005BD008 /* AMSlideMenu */ = {
			isa = PBXGroup;
			children = (
				CCA5F0981A2E7675005BD008 /* AMSlideMenuContentSegue.h */,
				CCA5F0991A2E7675005BD008 /* AMSlideMenuContentSegue.m */,
				CCA5F09A1A2E7675005BD008 /* AMSlideMenuLeftMenuSegue.h */,
				CCA5F09B1A2E7675005BD008 /* AMSlideMenuLeftMenuSegue.m */,
				CCA5F09C1A2E7675005BD008 /* AMSlideMenuLeftTableViewController.h */,
				CCA5F09D1A2E7675005BD008 /* AMSlideMenuLeftTableViewController.m */,
				CCA5F09E1A2E7675005BD008 /* AMSlideMenuMainViewController.h */,
				CCA5F09F1A2E7675005BD008 /* AMSlideMenuMainViewController.m */,
				CCA5F0A01A2E7675005BD008 /* AMSlideMenuProtocols.h */,
				CCA5F0A11A2E7675005BD008 /* AMSlideMenuRightMenuSegue.h */,
				CCA5F0A21A2E7675005BD008 /* AMSlideMenuRightMenuSegue.m */,
				CCA5F0A31A2E7675005BD008 /* AMSlideMenuRightTableViewController.h */,
				CCA5F0A41A2E7675005BD008 /* AMSlideMenuRightTableViewController.m */,
				CCA5F0A51A2E7675005BD008 /* UIViewController+AMSlideMenu.h */,
				CCA5F0A61A2E7675005BD008 /* UIViewController+AMSlideMenu.m */,
			);
			path = AMSlideMenu;
			sourceTree = "<group>";
		};
		CCA5F0B41A2E856F005BD008 /* tab_icons */ = {
			isa = PBXGroup;
			children = (
				CCA5F0BD1A2E8ECA005BD008 /* artist.png */,
				CCA5F0BE1A2E8ECA005BD008 /* artist@2x.png */,
				CCA5F0B91A2E8DC1005BD008 /* album.png */,
				CCA5F0BA1A2E8DC1005BD008 /* album@2x.png */,
				CCA5F0B71A2E8A4D005BD008 /* music@2x.png */,
				CCA5F0B51A2E856F005BD008 /* music.png */,
			);
			path = tab_icons;
			sourceTree = "<group>";
		};
		CCB541921A2EF46300DFD43A /* sidebar_icons */ = {
			isa = PBXGroup;
			children = (
				CCB5419F1A2EF85800DFD43A /* chrome.png */,
				CCB541A01A2EF85800DFD43A /* chrome@2x.png */,
				CCB5419B1A2EF7B300DFD43A /* finder.png */,
				CCB5419C1A2EF7B300DFD43A /* finder@2x.png */,
				CCB541971A2EF66900DFD43A /* keynote.png */,
				CCB541981A2EF66900DFD43A /* keynote@2x.png */,
				CCB541931A2EF46300DFD43A /* itunes.png */,
				CCB541941A2EF46300DFD43A /* itunes@2x.png */,
			);
			path = sidebar_icons;
			sourceTree = "<group>";
		};
		CCE0C1061A24A173003C66A2 /* UIImageEffect */ = {
			isa = PBXGroup;
			children = (
				CCE0C1071A24A184003C66A2 /* UIImage+ImageEffects.h */,
				CCE0C1081A24A184003C66A2 /* UIImage+ImageEffects.m */,
			);
			name = UIImageEffect;
			path = ControlTotal;
			sourceTree = "<group>";
		};
		CCE347191A1F35B900A7881A /* Resources */ = {
			isa = PBXGroup;
			children = (
				CCE3471A1A1F35B900A7881A /* FontAwesome.ttf */,
			);
			path = Resources;
			sourceTree = "<group>";
		};
		CCE3471B1A1F35B900A7881A /* FontAwesome */ = {
			isa = PBXGroup;
			children = (
				CCE3471C1A1F35B900A7881A /* FAImageView.h */,
				CCE3471D1A1F35B900A7881A /* FAImageView.m */,
				CCE3471E1A1F35B900A7881A /* FontAwesome+iOS.podspec */,
				CCE3471F1A1F35B900A7881A /* NSString+FontAwesome.h */,
				CCE347201A1F35B900A7881A /* NSString+FontAwesome.m */,
				CCE347221A1F35B900A7881A /* UIFont+FontAwesome.h */,
				CCE347231A1F35B900A7881A /* UIFont+FontAwesome.m */,
			);
			path = FontAwesome;
			sourceTree = "<group>";
		};
		CCF014C11A2C77BB005BBFFB /* StartRating */ = {
			isa = PBXGroup;
			children = (
				CCF014C21A2C77C5005BBFFB /* StarRatingControl.h */,
				CCF014C31A2C77C5005BBFFB /* StarRatingControl.m */,
			);
			name = StartRating;
			sourceTree = "<group>";
		};
/* End PBXGroup section */

/* Begin PBXNativeTarget section */
		CC49F5EE1A39A26C009E27FF /* ControlTotal WatchKit Extension */ = {
			isa = PBXNativeTarget;
			buildConfigurationList = CC49F6141A39A26C009E27FF /* Build configuration list for PBXNativeTarget "ControlTotal WatchKit Extension" */;
			buildPhases = (
				CC49F5EB1A39A26C009E27FF /* Sources */,
				CC49F5EC1A39A26C009E27FF /* Frameworks */,
				CC49F5ED1A39A26C009E27FF /* Resources */,
			);
			buildRules = (
			);
			dependencies = (
				CC49F6041A39A26C009E27FF /* PBXTargetDependency */,
			);
			name = "ControlTotal WatchKit Extension";
			productName = "ControlTotal WatchKit Extension";
			productReference = CC49F5EF1A39A26C009E27FF /* ControlTotal WatchKit Extension.appex */;
			productType = "com.apple.product-type.watchkit-extension";
		};
		CC49F6001A39A26C009E27FF /* ControlTotal Watch App */ = {
			isa = PBXNativeTarget;
			buildConfigurationList = CC49F6131A39A26C009E27FF /* Build configuration list for PBXNativeTarget "ControlTotal Watch App" */;
			buildPhases = (
				CC49F5FF1A39A26C009E27FF /* Resources */,
			);
			buildRules = (
			);
			dependencies = (
			);
			name = "ControlTotal Watch App";
			productName = "ControlTotal Watch App";
			productReference = CC49F6011A39A26C009E27FF /* ControlTotal Watch App.app */;
			productType = "com.apple.product-type.application.watchapp";
		};
		CC9CF8FB1A14A89400E7EED6 /* ControlTotal */ = {
			isa = PBXNativeTarget;
			buildConfigurationList = CC9CF91E1A14A89400E7EED6 /* Build configuration list for PBXNativeTarget "ControlTotal" */;
			buildPhases = (
				CC9CF8F81A14A89400E7EED6 /* Sources */,
				CC9CF8F91A14A89400E7EED6 /* Frameworks */,
				CC9CF8FA1A14A89400E7EED6 /* Resources */,
				CC49F6151A39A26C009E27FF /* Embed App Extensions */,
			);
			buildRules = (
			);
			dependencies = (
				CC49F60D1A39A26C009E27FF /* PBXTargetDependency */,
			);
			name = ControlTotal;
			productName = ControlTotal;
			productReference = CC9CF8FC1A14A89400E7EED6 /* ControlTotal.app */;
			productType = "com.apple.product-type.application";
		};
		CC9CF9131A14A89400E7EED6 /* ControlTotalTests */ = {
			isa = PBXNativeTarget;
			buildConfigurationList = CC9CF9211A14A89400E7EED6 /* Build configuration list for PBXNativeTarget "ControlTotalTests" */;
			buildPhases = (
				CC9CF9101A14A89400E7EED6 /* Sources */,
				CC9CF9111A14A89400E7EED6 /* Frameworks */,
				CC9CF9121A14A89400E7EED6 /* Resources */,
			);
			buildRules = (
			);
			dependencies = (
				CC9CF9161A14A89400E7EED6 /* PBXTargetDependency */,
			);
			name = ControlTotalTests;
			productName = ControlTotalTests;
			productReference = CC9CF9141A14A89400E7EED6 /* ControlTotalTests.xctest */;
			productType = "com.apple.product-type.bundle.unit-test";
		};
/* End PBXNativeTarget section */

/* Begin PBXProject section */
		CC9CF8F41A14A89400E7EED6 /* Project object */ = {
			isa = PBXProject;
			attributes = {
				LastUpgradeCheck = 0610;
				ORGANIZATIONNAME = listico;
				TargetAttributes = {
					CC49F5EE1A39A26C009E27FF = {
						CreatedOnToolsVersion = 6.2;
						DevelopmentTeam = 7Z3494K4MR;
					};
					CC49F6001A39A26C009E27FF = {
						CreatedOnToolsVersion = 6.2;
					};
					CC9CF8FB1A14A89400E7EED6 = {
						CreatedOnToolsVersion = 6.1;
						DevelopmentTeam = 7Z3494K4MR;
					};
					CC9CF9131A14A89400E7EED6 = {
						CreatedOnToolsVersion = 6.1;
						TestTargetID = CC9CF8FB1A14A89400E7EED6;
					};
				};
			};
			buildConfigurationList = CC9CF8F71A14A89400E7EED6 /* Build configuration list for PBXProject "ControlTotal" */;
			compatibilityVersion = "Xcode 3.2";
			developmentRegion = English;
			hasScannedForEncodings = 0;
			knownRegions = (
				en,
				Base,
			);
			mainGroup = CC9CF8F31A14A89400E7EED6;
			productRefGroup = CC9CF8FD1A14A89400E7EED6 /* Products */;
			projectDirPath = "";
			projectRoot = "";
			targets = (
				CC9CF8FB1A14A89400E7EED6 /* ControlTotal */,
				CC9CF9131A14A89400E7EED6 /* ControlTotalTests */,
				CC49F5EE1A39A26C009E27FF /* ControlTotal WatchKit Extension */,
				CC49F6001A39A26C009E27FF /* ControlTotal Watch App */,
			);
		};
/* End PBXProject section */

/* Begin PBXResourcesBuildPhase section */
		CC49F5ED1A39A26C009E27FF /* Resources */ = {
			isa = PBXResourcesBuildPhase;
			buildActionMask = 2147483647;
			files = (
				CC49F6021A39A26C009E27FF /* ControlTotal Watch App.app in Resources */,
				CC49F5FE1A39A26C009E27FF /* Images.xcassets in Resources */,
			);
			runOnlyForDeploymentPostprocessing = 0;
		};
		CC49F5FF1A39A26C009E27FF /* Resources */ = {
			isa = PBXResourcesBuildPhase;
			buildActionMask = 2147483647;
			files = (
				CC49F6091A39A26C009E27FF /* Interface.storyboard in Resources */,
				CC49F60B1A39A26C009E27FF /* Images.xcassets in Resources */,
			);
			runOnlyForDeploymentPostprocessing = 0;
		};
		CC9CF8FA1A14A89400E7EED6 /* Resources */ = {
			isa = PBXResourcesBuildPhase;
			buildActionMask = 2147483647;
			files = (
				CC43C87D1A27F34400C1D0B6 /* bg@2x.jpg in Resources */,
				CC08F7261A3AC7A5005C0662 /* CoverDefaultMini@2x.png in Resources */,
				CC8B27BC1A36DAC9000E9536 /* shopping_bag@2x.png in Resources */,
				CC9CF90A1A14A89400E7EED6 /* Main.storyboard in Resources */,
				CC8B27C81A36DAC9000E9536 /* wifi@2x.png in Resources */,
				CCB5419A1A2EF66900DFD43A /* keynote@2x.png in Resources */,
				CCB541A11A2EF85800DFD43A /* chrome.png in Resources */,
				CC8B27AE1A36DAC9000E9536 /* music_transcript@2x.png in Resources */,
				CC8B27B51A36DAC9000E9536 /* piano.png in Resources */,
				CCA5F0BC1A2E8DC1005BD008 /* album@2x.png in Resources */,
				CC8B27BA1A36DAC9000E9536 /* rfid_signal@2x.png in Resources */,
				CC8B27C21A36DAC9000E9536 /* trash@2x.png in Resources */,
				CC8B27D51A36E747000E9536 /* music_icon.png in Resources */,
				CC8B27B01A36DAC9000E9536 /* music_video@2x.png in Resources */,
				CCE347261A1F35B900A7881A /* FontAwesome+iOS.podspec in Resources */,
				CC8B27A41A36DAC9000E9536 /* folder@2x.png in Resources */,
				CC8B27B81A36DAC9000E9536 /* presentation_filled@2x.png in Resources */,
				CC8B27A61A36DAC9000E9536 /* literature@2x.png in Resources */,
				CC8B27A51A36DAC9000E9536 /* literature.png in Resources */,
				CC8B27C41A36DAC9000E9536 /* tv@2x.png in Resources */,
				CC9CF90F1A14A89400E7EED6 /* LaunchScreen.xib in Resources */,
				CC8B27A91A36DAC9000E9536 /* movie.png in Resources */,
				CC8B27BD1A36DAC9000E9536 /* stack_of_photos.png in Resources */,
				CCA5F0C01A2E8ECA005BD008 /* artist@2x.png in Resources */,
				CC43C87E1A27F34400C1D0B6 /* bg@3x.jpg in Resources */,
				CC8B27C01A36DAC9000E9536 /* train_ticket@2x.png in Resources */,
				CC8B27D21A36E57B000E9536 /* student@2x.png in Resources */,
				CCA5F0B61A2E856F005BD008 /* music.png in Resources */,
				CC8B27B71A36DAC9000E9536 /* presentation_filled.png in Resources */,
				CC8B27BE1A36DAC9000E9536 /* stack_of_photos@2x.png in Resources */,
				CC9CF90C1A14A89400E7EED6 /* Images.xcassets in Resources */,
				CC8B27A81A36DAC9000E9536 /* micro@2x.png in Resources */,
				CC8B27AA1A36DAC9000E9536 /* movie@2x.png in Resources */,
				CCA5F0961A2E74A9005BD008 /* star@2x.png in Resources */,
				CCE347241A1F35B900A7881A /* FontAwesome.ttf in Resources */,
				CC8B27C31A36DAC9000E9536 /* tv.png in Resources */,
				CCB5419D1A2EF7B300DFD43A /* finder.png in Resources */,
				CC8B27AC1A36DAC9000E9536 /* museum@2x.png in Resources */,
				CC8B27D61A36E747000E9536 /* music_icon@2x.png in Resources */,
				CC8B27C71A36DAC9000E9536 /* wifi.png in Resources */,
				CCA5F0921A2E74A9005BD008 /* star_highlighted.png in Resources */,
				CC8B27AF1A36DAC9000E9536 /* music_video.png in Resources */,
				CCA5F0B81A2E8A4D005BD008 /* music@2x.png in Resources */,
				CC8B27A71A36DAC9000E9536 /* micro.png in Resources */,
				CC43C8781A27F25E00C1D0B6 /* CoverDefault@2x.png in Resources */,
				CC8B27B41A36DAC9000E9536 /* physics@2x.png in Resources */,
				CC8B27D91A36E7EF000E9536 /* chrome_icon.png in Resources */,
				CC8B27B61A36DAC9000E9536 /* piano@2x.png in Resources */,
				CCA5F0BB1A2E8DC1005BD008 /* album.png in Resources */,
				CCB541991A2EF66900DFD43A /* keynote.png in Resources */,
				CC8B27BB1A36DAC9000E9536 /* shopping_bag.png in Resources */,
				CC8B27B11A36DAC9000E9536 /* photo.png in Resources */,
				CCA5F0941A2E74A9005BD008 /* star.png in Resources */,
				CCB541A21A2EF85800DFD43A /* chrome@2x.png in Resources */,
				CC8B27AD1A36DAC9000E9536 /* music_transcript.png in Resources */,
				CC8B27A31A36DAC9000E9536 /* folder.png in Resources */,
				CC8B27B31A36DAC9000E9536 /* physics.png in Resources */,
				CCA5F0BF1A2E8ECA005BD008 /* artist.png in Resources */,
				CCB5419E1A2EF7B300DFD43A /* finder@2x.png in Resources */,
				CC8B27C51A36DAC9000E9536 /* tv_show.png in Resources */,
				CC8B27B91A36DAC9000E9536 /* rfid_signal.png in Resources */,
				CC8B27BF1A36DAC9000E9536 /* train_ticket.png in Resources */,
				CC8B27DA1A36E7EF000E9536 /* chrome_icon@2x.png in Resources */,
				CC43C87C1A27F34400C1D0B6 /* bg.jpg in Resources */,
				CC08F7251A3AC7A5005C0662 /* CoverDefaultMini.png in Resources */,
				CC8B27AB1A36DAC9000E9536 /* museum.png in Resources */,
				CC8B27C11A36DAC9000E9536 /* trash.png in Resources */,
				CCA5F0931A2E74A9005BD008 /* star_highlighted@2x.png in Resources */,
				CC8B27C61A36DAC9000E9536 /* tv_show@2x.png in Resources */,
				CC43C8771A27F25E00C1D0B6 /* CoverDefault.png in Resources */,
				CCB541961A2EF46300DFD43A /* itunes@2x.png in Resources */,
				CCB541951A2EF46300DFD43A /* itunes.png in Resources */,
				CC8B27D11A36E57B000E9536 /* student.png in Resources */,
				CC8B27B21A36DAC9000E9536 /* photo@2x.png in Resources */,
			);
			runOnlyForDeploymentPostprocessing = 0;
		};
		CC9CF9121A14A89400E7EED6 /* Resources */ = {
			isa = PBXResourcesBuildPhase;
			buildActionMask = 2147483647;
			files = (
			);
			runOnlyForDeploymentPostprocessing = 0;
		};
/* End PBXResourcesBuildPhase section */

/* Begin PBXSourcesBuildPhase section */
		CC49F5EB1A39A26C009E27FF /* Sources */ = {
			isa = PBXSourcesBuildPhase;
			buildActionMask = 2147483647;
			files = (
				CC49F5FA1A39A26C009E27FF /* NotificationController.swift in Sources */,
				CC49F5F81A39A26C009E27FF /* InterfaceController.swift in Sources */,
				CC49F5FC1A39A26C009E27FF /* GlanceController.swift in Sources */,
			);
			runOnlyForDeploymentPostprocessing = 0;
		};
		CC9CF8F81A14A89400E7EED6 /* Sources */ = {
			isa = PBXSourcesBuildPhase;
			buildActionMask = 2147483647;
			files = (
				CCE347291A1F35B900A7881A /* UIFont+FontAwesome.m in Sources */,
				CC0F13EB1A31C24D009E7E49 /* Session.swift in Sources */,
				CCA5F0AC1A2E7675005BD008 /* AMSlideMenuRightTableViewController.m in Sources */,
				CC0297511A31B7E5008259BC /* iTunesSongs.swift in Sources */,
				CC9CF9071A14A89400E7EED6 /* SearchDevicesView.swift in Sources */,
				CC9CF9051A14A89400E7EED6 /* ControlTotal.xcdatamodeld in Sources */,
				CC36621C1A1F0B7F0096758C /* Command.swift in Sources */,
				CC08F7281A3AD885005C0662 /* CommandDownload.swift in Sources */,
				CC3662181A1ECDB40096758C /* Connection.swift in Sources */,
				CCE347271A1F35B900A7881A /* NSString+FontAwesome.m in Sources */,
				CCA5F0A71A2E7675005BD008 /* AMSlideMenuContentSegue.m in Sources */,
				CC36621A1A1EEC0E0096758C /* ConnectionProperties.swift in Sources */,
				CCE347251A1F35B900A7881A /* FAImageView.m in Sources */,
				CCA5F0AB1A2E7675005BD008 /* AMSlideMenuRightMenuSegue.m in Sources */,
				CCA5F0A81A2E7675005BD008 /* AMSlideMenuLeftMenuSegue.m in Sources */,
				CCA047521A26B75B00EA1A9C /* Date.swift in Sources */,
				CCD392BE1A254C0300A3864F /* CommandGenerator.swift in Sources */,
				CC9CF9021A14A89400E7EED6 /* AppDelegate.swift in Sources */,
				CCF014C41A2C77C5005BBFFB /* StarRatingControl.m in Sources */,
				CCB541911A2EDC6A00DFD43A /* LeftMenuVC.swift in Sources */,
				CCD9A96F1A1C6F550093EB08 /* MasterView.swift in Sources */,
				CCA5F0AD1A2E7675005BD008 /* UIViewController+AMSlideMenu.m in Sources */,
				CCE0C1091A24A184003C66A2 /* UIImage+ImageEffects.m in Sources */,
				CC8B27CA1A36E048000E9536 /* Icons.swift in Sources */,
				CC8B27DD1A374578000E9536 /* MiniPlayer.swift in Sources */,
				CC8DFC691A1DAFD10045B355 /* Types.swift in Sources */,
				CCA5F0AA1A2E7675005BD008 /* AMSlideMenuMainViewController.m in Sources */,
				CCA5F0A91A2E7675005BD008 /* AMSlideMenuLeftTableViewController.m in Sources */,
				CC70385F1A1F1F5300E5F622 /* DefaultView.swift in Sources */,
				CC8B27771A36B34F000E9536 /* iTunesPlaylist.swift in Sources */,
				CCD9A96B1A1C66CA0093EB08 /* LoginView.swift in Sources */,
				CCB5418F1A2ED77800DFD43A /* MainVC.swift in Sources */,
			);
			runOnlyForDeploymentPostprocessing = 0;
		};
		CC9CF9101A14A89400E7EED6 /* Sources */ = {
			isa = PBXSourcesBuildPhase;
			buildActionMask = 2147483647;
			files = (
				CC9CF91B1A14A89400E7EED6 /* ControlTotalTests.swift in Sources */,
			);
			runOnlyForDeploymentPostprocessing = 0;
		};
/* End PBXSourcesBuildPhase section */

/* Begin PBXTargetDependency section */
		CC49F6041A39A26C009E27FF /* PBXTargetDependency */ = {
			isa = PBXTargetDependency;
			target = CC49F6001A39A26C009E27FF /* ControlTotal Watch App */;
			targetProxy = CC49F6031A39A26C009E27FF /* PBXContainerItemProxy */;
		};
		CC49F60D1A39A26C009E27FF /* PBXTargetDependency */ = {
			isa = PBXTargetDependency;
			target = CC49F5EE1A39A26C009E27FF /* ControlTotal WatchKit Extension */;
			targetProxy = CC49F60C1A39A26C009E27FF /* PBXContainerItemProxy */;
		};
		CC9CF9161A14A89400E7EED6 /* PBXTargetDependency */ = {
			isa = PBXTargetDependency;
			target = CC9CF8FB1A14A89400E7EED6 /* ControlTotal */;
			targetProxy = CC9CF9151A14A89400E7EED6 /* PBXContainerItemProxy */;
		};
/* End PBXTargetDependency section */

/* Begin PBXVariantGroup section */
		CC9CF9081A14A89400E7EED6 /* Main.storyboard */ = {
			isa = PBXVariantGroup;
			children = (
				CC9CF9091A14A89400E7EED6 /* Base */,
			);
			name = Main.storyboard;
			sourceTree = "<group>";
		};
		CC9CF90D1A14A89400E7EED6 /* LaunchScreen.xib */ = {
			isa = PBXVariantGroup;
			children = (
				CC9CF90E1A14A89400E7EED6 /* Base */,
			);
			name = LaunchScreen.xib;
			sourceTree = "<group>";
		};
/* End PBXVariantGroup section */

/* Begin XCBuildConfiguration section */
		CC49F60F1A39A26C009E27FF /* Debug */ = {
			isa = XCBuildConfiguration;
			buildSettings = {
				CODE_SIGN_IDENTITY = "iPhone Developer";
				GCC_PREPROCESSOR_DEFINITIONS = (
					"DEBUG=1",
					"$(inherited)",
				);
				INFOPLIST_FILE = "ControlTotal WatchKit Extension/Info.plist";
				IPHONEOS_DEPLOYMENT_TARGET = 8.2;
				LD_RUNPATH_SEARCH_PATHS = "$(inherited) @executable_path/Frameworks @executable_path/../../Frameworks";
				PRODUCT_NAME = "${TARGET_NAME}";
				SKIP_INSTALL = YES;
			};
			name = Debug;
		};
		CC49F6101A39A26C009E27FF /* Release */ = {
			isa = XCBuildConfiguration;
			buildSettings = {
				CODE_SIGN_IDENTITY = "iPhone Developer";
				INFOPLIST_FILE = "ControlTotal WatchKit Extension/Info.plist";
				IPHONEOS_DEPLOYMENT_TARGET = 8.2;
				LD_RUNPATH_SEARCH_PATHS = "$(inherited) @executable_path/Frameworks @executable_path/../../Frameworks";
				PRODUCT_NAME = "${TARGET_NAME}";
				SKIP_INSTALL = YES;
			};
			name = Release;
		};
		CC49F6111A39A26C009E27FF /* Debug */ = {
			isa = XCBuildConfiguration;
			buildSettings = {
				ASSETCATALOG_COMPILER_APPICON_NAME = AppIcon;
				ASSETCATALOG_COMPILER_LAUNCHIMAGE_NAME = LaunchImage;
				GCC_PREPROCESSOR_DEFINITIONS = (
					"DEBUG=1",
					"$(inherited)",
				);
				IBSC_MODULE = ControlTotal_WatchKit_Extension;
				INFOPLIST_FILE = "ControlTotal Watch App/Info.plist";
				IPHONEOS_DEPLOYMENT_TARGET = 8.2;
				PRODUCT_NAME = "$(TARGET_NAME)";
				SKIP_INSTALL = YES;
				TARGETED_DEVICE_FAMILY = 4;
				"TARGETED_DEVICE_FAMILY[sdk=iphonesimulator*]" = "1,4";
			};
			name = Debug;
		};
		CC49F6121A39A26C009E27FF /* Release */ = {
			isa = XCBuildConfiguration;
			buildSettings = {
				ASSETCATALOG_COMPILER_APPICON_NAME = AppIcon;
				ASSETCATALOG_COMPILER_LAUNCHIMAGE_NAME = LaunchImage;
				IBSC_MODULE = ControlTotal_WatchKit_Extension;
				INFOPLIST_FILE = "ControlTotal Watch App/Info.plist";
				IPHONEOS_DEPLOYMENT_TARGET = 8.2;
				PRODUCT_NAME = "$(TARGET_NAME)";
				SKIP_INSTALL = YES;
				TARGETED_DEVICE_FAMILY = 4;
				"TARGETED_DEVICE_FAMILY[sdk=iphonesimulator*]" = "1,4";
			};
			name = Release;
		};
		CC9CF91C1A14A89400E7EED6 /* Debug */ = {
			isa = XCBuildConfiguration;
			buildSettings = {
				ALWAYS_SEARCH_USER_PATHS = NO;
				CLANG_CXX_LANGUAGE_STANDARD = "gnu++0x";
				CLANG_CXX_LIBRARY = "libc++";
				CLANG_ENABLE_MODULES = YES;
				CLANG_ENABLE_OBJC_ARC = YES;
				CLANG_WARN_BOOL_CONVERSION = YES;
				CLANG_WARN_CONSTANT_CONVERSION = YES;
				CLANG_WARN_DIRECT_OBJC_ISA_USAGE = YES_ERROR;
				CLANG_WARN_EMPTY_BODY = YES;
				CLANG_WARN_ENUM_CONVERSION = YES;
				CLANG_WARN_INT_CONVERSION = YES;
				CLANG_WARN_OBJC_ROOT_CLASS = YES_ERROR;
				CLANG_WARN_UNREACHABLE_CODE = YES;
				CLANG_WARN__DUPLICATE_METHOD_MATCH = YES;
				"CODE_SIGN_IDENTITY[sdk=iphoneos*]" = "iPhone Developer";
				COPY_PHASE_STRIP = NO;
				ENABLE_STRICT_OBJC_MSGSEND = YES;
				GCC_C_LANGUAGE_STANDARD = gnu99;
				GCC_DYNAMIC_NO_PIC = NO;
				GCC_OPTIMIZATION_LEVEL = 0;
				GCC_PREPROCESSOR_DEFINITIONS = (
					"DEBUG=1",
					"$(inherited)",
				);
				GCC_SYMBOLS_PRIVATE_EXTERN = NO;
				GCC_WARN_64_TO_32_BIT_CONVERSION = YES;
				GCC_WARN_ABOUT_RETURN_TYPE = YES_ERROR;
				GCC_WARN_UNDECLARED_SELECTOR = YES;
				GCC_WARN_UNINITIALIZED_AUTOS = YES_AGGRESSIVE;
				GCC_WARN_UNUSED_FUNCTION = YES;
				GCC_WARN_UNUSED_VARIABLE = YES;
				IPHONEOS_DEPLOYMENT_TARGET = 8.1;
				MTL_ENABLE_DEBUG_INFO = YES;
				ONLY_ACTIVE_ARCH = YES;
				SDKROOT = iphoneos;
				SWIFT_OPTIMIZATION_LEVEL = "-Onone";
				TARGETED_DEVICE_FAMILY = "1,2";
			};
			name = Debug;
		};
		CC9CF91D1A14A89400E7EED6 /* Release */ = {
			isa = XCBuildConfiguration;
			buildSettings = {
				ALWAYS_SEARCH_USER_PATHS = NO;
				CLANG_CXX_LANGUAGE_STANDARD = "gnu++0x";
				CLANG_CXX_LIBRARY = "libc++";
				CLANG_ENABLE_MODULES = YES;
				CLANG_ENABLE_OBJC_ARC = YES;
				CLANG_WARN_BOOL_CONVERSION = YES;
				CLANG_WARN_CONSTANT_CONVERSION = YES;
				CLANG_WARN_DIRECT_OBJC_ISA_USAGE = YES_ERROR;
				CLANG_WARN_EMPTY_BODY = YES;
				CLANG_WARN_ENUM_CONVERSION = YES;
				CLANG_WARN_INT_CONVERSION = YES;
				CLANG_WARN_OBJC_ROOT_CLASS = YES_ERROR;
				CLANG_WARN_UNREACHABLE_CODE = YES;
				CLANG_WARN__DUPLICATE_METHOD_MATCH = YES;
				"CODE_SIGN_IDENTITY[sdk=iphoneos*]" = "iPhone Developer";
				COPY_PHASE_STRIP = YES;
				ENABLE_NS_ASSERTIONS = NO;
				ENABLE_STRICT_OBJC_MSGSEND = YES;
				GCC_C_LANGUAGE_STANDARD = gnu99;
				GCC_WARN_64_TO_32_BIT_CONVERSION = YES;
				GCC_WARN_ABOUT_RETURN_TYPE = YES_ERROR;
				GCC_WARN_UNDECLARED_SELECTOR = YES;
				GCC_WARN_UNINITIALIZED_AUTOS = YES_AGGRESSIVE;
				GCC_WARN_UNUSED_FUNCTION = YES;
				GCC_WARN_UNUSED_VARIABLE = YES;
				IPHONEOS_DEPLOYMENT_TARGET = 8.1;
				MTL_ENABLE_DEBUG_INFO = NO;
				SDKROOT = iphoneos;
				TARGETED_DEVICE_FAMILY = "1,2";
				VALIDATE_PRODUCT = YES;
			};
			name = Release;
		};
		CC9CF91F1A14A89400E7EED6 /* Debug */ = {
			isa = XCBuildConfiguration;
			buildSettings = {
				ASSETCATALOG_COMPILER_APPICON_NAME = AppIcon;
				CLANG_ENABLE_MODULES = YES;
				CODE_SIGN_IDENTITY = "iPhone Developer";
				EMBEDDED_CONTENT_CONTAINS_SWIFT = YES;
				FRAMEWORK_SEARCH_PATHS = (
					"$(inherited)",
					/Users/listico/Documents/Trabajo/own/ios/NMSSH/NMSSHTests/Settings/lib,
					/Users/listico/Documents/Trabajo/own/ios/NMSSH/Products,
					"$(PROJECT_DIR)",
					"$(LOCAL_LIBRARY_DIR)/Frameworks",
				);
				GCC_PREFIX_HEADER = "";
				INFOPLIST_FILE = ControlTotal/Info.plist;
				IPHONEOS_DEPLOYMENT_TARGET = 8.2;
				LD_RUNPATH_SEARCH_PATHS = "$(inherited) @executable_path/Frameworks";
				LIBRARY_SEARCH_PATHS = (
					"$(inherited)",
					"/Users/listico/Documents/Trabajo/own/ios/NMSSH/NMSSH-iOS/Libraries/lib",
					"/Users/listico/Documents/Trabajo/own/ios/NMSSH/NMSSH-OSX/Libraries/lib",
				);
				OTHER_LDFLAGS = "";
				PRODUCT_NAME = "$(TARGET_NAME)";
				SWIFT_OBJC_BRIDGING_HEADER = "ControlTotal/ControlTotal-Bridging-Header.h";
				SWIFT_OPTIMIZATION_LEVEL = "-Onone";
			};
			name = Debug;
		};
		CC9CF9201A14A89400E7EED6 /* Release */ = {
			isa = XCBuildConfiguration;
			buildSettings = {
				ASSETCATALOG_COMPILER_APPICON_NAME = AppIcon;
				CLANG_ENABLE_MODULES = YES;
				CODE_SIGN_IDENTITY = "iPhone Developer";
				EMBEDDED_CONTENT_CONTAINS_SWIFT = YES;
				FRAMEWORK_SEARCH_PATHS = (
					"$(inherited)",
					/Users/listico/Documents/Trabajo/own/ios/NMSSH/NMSSHTests/Settings/lib,
					/Users/listico/Documents/Trabajo/own/ios/NMSSH/Products,
					"$(PROJECT_DIR)",
					"$(LOCAL_LIBRARY_DIR)/Frameworks",
				);
				GCC_PREFIX_HEADER = "";
				INFOPLIST_FILE = ControlTotal/Info.plist;
				IPHONEOS_DEPLOYMENT_TARGET = 8.2;
				LD_RUNPATH_SEARCH_PATHS = "$(inherited) @executable_path/Frameworks";
				LIBRARY_SEARCH_PATHS = (
					"$(inherited)",
					"/Users/listico/Documents/Trabajo/own/ios/NMSSH/NMSSH-iOS/Libraries/lib",
					"/Users/listico/Documents/Trabajo/own/ios/NMSSH/NMSSH-OSX/Libraries/lib",
				);
				OTHER_LDFLAGS = "";
				PRODUCT_NAME = "$(TARGET_NAME)";
				SWIFT_OBJC_BRIDGING_HEADER = "ControlTotal/ControlTotal-Bridging-Header.h";
			};
			name = Release;
		};
		CC9CF9221A14A89400E7EED6 /* Debug */ = {
			isa = XCBuildConfiguration;
			buildSettings = {
				BUNDLE_LOADER = "$(TEST_HOST)";
				FRAMEWORK_SEARCH_PATHS = (
					"$(SDKROOT)/Developer/Library/Frameworks",
					"$(inherited)",
				);
				GCC_PREPROCESSOR_DEFINITIONS = (
					"DEBUG=1",
					"$(inherited)",
				);
				INFOPLIST_FILE = ControlTotalTests/Info.plist;
				LD_RUNPATH_SEARCH_PATHS = "$(inherited) @executable_path/Frameworks @loader_path/Frameworks";
				PRODUCT_NAME = "$(TARGET_NAME)";
				TEST_HOST = "$(BUILT_PRODUCTS_DIR)/ControlTotal.app/ControlTotal";
			};
			name = Debug;
		};
		CC9CF9231A14A89400E7EED6 /* Release */ = {
			isa = XCBuildConfiguration;
			buildSettings = {
				BUNDLE_LOADER = "$(TEST_HOST)";
				FRAMEWORK_SEARCH_PATHS = (
					"$(SDKROOT)/Developer/Library/Frameworks",
					"$(inherited)",
				);
				INFOPLIST_FILE = ControlTotalTests/Info.plist;
				LD_RUNPATH_SEARCH_PATHS = "$(inherited) @executable_path/Frameworks @loader_path/Frameworks";
				PRODUCT_NAME = "$(TARGET_NAME)";
				TEST_HOST = "$(BUILT_PRODUCTS_DIR)/ControlTotal.app/ControlTotal";
			};
			name = Release;
		};
/* End XCBuildConfiguration section */

/* Begin XCConfigurationList section */
		CC49F6131A39A26C009E27FF /* Build configuration list for PBXNativeTarget "ControlTotal Watch App" */ = {
			isa = XCConfigurationList;
			buildConfigurations = (
				CC49F6111A39A26C009E27FF /* Debug */,
				CC49F6121A39A26C009E27FF /* Release */,
			);
			defaultConfigurationIsVisible = 0;
			defaultConfigurationName = Release;
		};
		CC49F6141A39A26C009E27FF /* Build configuration list for PBXNativeTarget "ControlTotal WatchKit Extension" */ = {
			isa = XCConfigurationList;
			buildConfigurations = (
				CC49F60F1A39A26C009E27FF /* Debug */,
				CC49F6101A39A26C009E27FF /* Release */,
			);
			defaultConfigurationIsVisible = 0;
			defaultConfigurationName = Release;
		};
		CC9CF8F71A14A89400E7EED6 /* Build configuration list for PBXProject "ControlTotal" */ = {
			isa = XCConfigurationList;
			buildConfigurations = (
				CC9CF91C1A14A89400E7EED6 /* Debug */,
				CC9CF91D1A14A89400E7EED6 /* Release */,
			);
			defaultConfigurationIsVisible = 0;
			defaultConfigurationName = Release;
		};
		CC9CF91E1A14A89400E7EED6 /* Build configuration list for PBXNativeTarget "ControlTotal" */ = {
			isa = XCConfigurationList;
			buildConfigurations = (
				CC9CF91F1A14A89400E7EED6 /* Debug */,
				CC9CF9201A14A89400E7EED6 /* Release */,
			);
			defaultConfigurationIsVisible = 0;
			defaultConfigurationName = Release;
		};
		CC9CF9211A14A89400E7EED6 /* Build configuration list for PBXNativeTarget "ControlTotalTests" */ = {
			isa = XCConfigurationList;
			buildConfigurations = (
				CC9CF9221A14A89400E7EED6 /* Debug */,
				CC9CF9231A14A89400E7EED6 /* Release */,
			);
			defaultConfigurationIsVisible = 0;
			defaultConfigurationName = Release;
		};
/* End XCConfigurationList section */

/* Begin XCVersionGroup section */
		CC9CF9031A14A89400E7EED6 /* ControlTotal.xcdatamodeld */ = {
			isa = XCVersionGroup;
			children = (
				CC9CF9041A14A89400E7EED6 /* ControlTotal.xcdatamodel */,
			);
			currentVersion = CC9CF9041A14A89400E7EED6 /* ControlTotal.xcdatamodel */;
			path = ControlTotal.xcdatamodeld;
			sourceTree = "<group>";
			versionGroupType = wrapper.xcdatamodel;
		};
/* End XCVersionGroup section */
	};
	rootObject = CC9CF8F41A14A89400E7EED6 /* Project object */;
}
